// !$*UTF8*$!
{
	archiveVersion = 1;
	classes = {
	};
	objectVersion = 54;
	objects = {

/* Begin PBXBuildFile section */
		6A0D4F0815FC0DA600ABF4B3 /* Bopomofo.tiff in Resources */ = {isa = PBXBuildFile; fileRef = 6A0D4EEF15FC0DA600ABF4B3 /* Bopomofo.tiff */; };
		6A0D4F0915FC0DA600ABF4B3 /* Bopomofo@2x.tiff in Resources */ = {isa = PBXBuildFile; fileRef = 6A0D4EF015FC0DA600ABF4B3 /* Bopomofo@2x.tiff */; };
		6A0D4F4515FC0EB100ABF4B3 /* Mandarin.cpp in Sources */ = {isa = PBXBuildFile; fileRef = 6A0D4F2015FC0EB100ABF4B3 /* Mandarin.cpp */; };
		6A0D4F5315FC0EE100ABF4B3 /* preferences.xib in Resources */ = {isa = PBXBuildFile; fileRef = 6A0D4F4E15FC0EE100ABF4B3 /* preferences.xib */; };
		6A187E2616004C5900466B2E /* MainMenu.xib in Resources */ = {isa = PBXBuildFile; fileRef = 6A187E2816004C5900466B2E /* MainMenu.xib */; };
		6A225A1F23679F2600F685C6 /* NotarizedArchives in Resources */ = {isa = PBXBuildFile; fileRef = 6A225A1E23679F2600F685C6 /* NotarizedArchives */; };
		6A2E40F6253A69DA00D1AE1D /* Images.xcassets in Resources */ = {isa = PBXBuildFile; fileRef = 6A2E40F5253A69DA00D1AE1D /* Images.xcassets */; };
		6A2E40F9253A6AA000D1AE1D /* Images.xcassets in Resources */ = {isa = PBXBuildFile; fileRef = 6A2E40F5253A69DA00D1AE1D /* Images.xcassets */; };
		6A38BC1515FC117A00A8A51F /* data.txt in Resources */ = {isa = PBXBuildFile; fileRef = 6A38BBF615FC117A00A8A51F /* data.txt */; };
		6A4F5F982879E838008C4307 /* reading_grid.cpp in Sources */ = {isa = PBXBuildFile; fileRef = 6A4F5F932879E838008C4307 /* reading_grid.cpp */; };
		6A6ED16B2797650A0012872E /* template-phrases-replacement.txt in Resources */ = {isa = PBXBuildFile; fileRef = 6A6ED1632797650A0012872E /* template-phrases-replacement.txt */; };
		6A6ED16C2797650A0012872E /* template-data.txt in Resources */ = {isa = PBXBuildFile; fileRef = 6A6ED1652797650A0012872E /* template-data.txt */; };
		6A6ED16D2797650A0012872E /* template-exclude-phrases-plain-bpmf.txt in Resources */ = {isa = PBXBuildFile; fileRef = 6A6ED1672797650A0012872E /* template-exclude-phrases-plain-bpmf.txt */; };
		6A6ED16E2797650A0012872E /* template-exclude-phrases.txt in Resources */ = {isa = PBXBuildFile; fileRef = 6A6ED1692797650A0012872E /* template-exclude-phrases.txt */; };
		6ACA41FA15FC1D9000935EF6 /* InfoPlist.strings in Resources */ = {isa = PBXBuildFile; fileRef = 6ACA41EA15FC1D9000935EF6 /* InfoPlist.strings */; };
		6ACA41FB15FC1D9000935EF6 /* License.rtf in Resources */ = {isa = PBXBuildFile; fileRef = 6ACA41EC15FC1D9000935EF6 /* License.rtf */; };
		6ACA41FC15FC1D9000935EF6 /* Localizable.strings in Resources */ = {isa = PBXBuildFile; fileRef = 6ACA41EE15FC1D9000935EF6 /* Localizable.strings */; };
		6ACA41FD15FC1D9000935EF6 /* MainMenu.xib in Resources */ = {isa = PBXBuildFile; fileRef = 6ACA41F015FC1D9000935EF6 /* MainMenu.xib */; };
		6ACA420215FC1E5200935EF6 /* McBopomofo.app in Resources */ = {isa = PBXBuildFile; fileRef = 6A0D4EA215FC0D2D00ABF4B3 /* McBopomofo.app */; };
		6ACC3D3F27914F2400F1B140 /* KeyValueBlobReader.cpp in Sources */ = {isa = PBXBuildFile; fileRef = 6ACC3D3E27914F2400F1B140 /* KeyValueBlobReader.cpp */; };
		6ACC3D442793701600F1B140 /* ParselessPhraseDB.cpp in Sources */ = {isa = PBXBuildFile; fileRef = 6ACC3D402793701600F1B140 /* ParselessPhraseDB.cpp */; };
		6ACC3D452793701600F1B140 /* ParselessLM.cpp in Sources */ = {isa = PBXBuildFile; fileRef = 6ACC3D422793701600F1B140 /* ParselessLM.cpp */; };
		6AD7CBC815FE555000691B5B /* data-plain-bpmf.txt in Resources */ = {isa = PBXBuildFile; fileRef = 6AD7CBC715FE555000691B5B /* data-plain-bpmf.txt */; };
		6AE210B215FC63CC003659FE /* PlainBopomofo.tiff in Resources */ = {isa = PBXBuildFile; fileRef = 6AE210B015FC63CC003659FE /* PlainBopomofo.tiff */; };
		6AE210B315FC63CC003659FE /* PlainBopomofo@2x.tiff in Resources */ = {isa = PBXBuildFile; fileRef = 6AE210B115FC63CC003659FE /* PlainBopomofo@2x.tiff */; };
		6AE215112A2849BB005A6A02 /* UTF8Helper.cpp in Sources */ = {isa = PBXBuildFile; fileRef = 6AE215102A2849BB005A6A02 /* UTF8Helper.cpp */; };
		6AFF97F2253B299E007F1C49 /* NonModalAlertWindowController.xib in Resources */ = {isa = PBXBuildFile; fileRef = 6AFF97F0253B299E007F1C49 /* NonModalAlertWindowController.xib */; };
		D41355D8278D74B5005E5CBD /* LanguageModelManager.mm in Sources */ = {isa = PBXBuildFile; fileRef = D41355D7278D7409005E5CBD /* LanguageModelManager.mm */; };
		D41355DB278E6D17005E5CBD /* McBopomofoLM.cpp in Sources */ = {isa = PBXBuildFile; fileRef = D41355D9278E6D17005E5CBD /* McBopomofoLM.cpp */; };
		D41355DE278EA3ED005E5CBD /* UserPhrasesLM.cpp in Sources */ = {isa = PBXBuildFile; fileRef = D41355DC278EA3ED005E5CBD /* UserPhrasesLM.cpp */; };
		D427F76A278C9E29004A2160 /* CandidateUI in Frameworks */ = {isa = PBXBuildFile; productRef = D427F769278C9E29004A2160 /* CandidateUI */; };
		D427F76C278CA2B0004A2160 /* AppDelegate.swift in Sources */ = {isa = PBXBuildFile; fileRef = D427F76B278CA1BA004A2160 /* AppDelegate.swift */; };
		D427F7A927905E90004A2160 /* TooltipUI in Frameworks */ = {isa = PBXBuildFile; productRef = D427F7A827905E90004A2160 /* TooltipUI */; };
		D427F7AE27907B8A004A2160 /* NotifierUI in Frameworks */ = {isa = PBXBuildFile; productRef = D427F7AD27907B8A004A2160 /* NotifierUI */; };
		D427F7B4279086DC004A2160 /* InputSourceHelper in Frameworks */ = {isa = PBXBuildFile; productRef = D427F7B3279086DC004A2160 /* InputSourceHelper */; };
		D427F7B6279086F6004A2160 /* InputSourceHelper in Frameworks */ = {isa = PBXBuildFile; productRef = D427F7B5279086F6004A2160 /* InputSourceHelper */; };
		D427F7C127908EFC004A2160 /* OpenCCBridge in Frameworks */ = {isa = PBXBuildFile; productRef = D427F7C027908EFC004A2160 /* OpenCCBridge */; };
		D44FB74527915565003C80A6 /* Preferences.swift in Sources */ = {isa = PBXBuildFile; fileRef = D44FB74427915555003C80A6 /* Preferences.swift */; };
		D44FB74A2791B829003C80A6 /* VXHanConvert in Frameworks */ = {isa = PBXBuildFile; productRef = D44FB7492791B829003C80A6 /* VXHanConvert */; };
		D44FB74D2792189A003C80A6 /* PhraseReplacementMap.cpp in Sources */ = {isa = PBXBuildFile; fileRef = D44FB74B2792189A003C80A6 /* PhraseReplacementMap.cpp */; };
		D456576E279E4F7B00DF6BC9 /* KeyHandlerInput.swift in Sources */ = {isa = PBXBuildFile; fileRef = D456576D279E4F7B00DF6BC9 /* KeyHandlerInput.swift */; };
		D461B792279DAC010070E734 /* InputState.swift in Sources */ = {isa = PBXBuildFile; fileRef = D461B791279DAC010070E734 /* InputState.swift */; };
		D476CB492827DB6300F48552 /* add-phrase-hook.sh in Resources */ = {isa = PBXBuildFile; fileRef = D476CB482827DB6300F48552 /* add-phrase-hook.sh */; };
		D47B92C027972AD100458394 /* main.swift in Sources */ = {isa = PBXBuildFile; fileRef = D47B92BF27972AC800458394 /* main.swift */; };
		D47D73A427A5D43900255A50 /* KeyHandlerBopomofoTests.swift in Sources */ = {isa = PBXBuildFile; fileRef = D47D73A327A5D43900255A50 /* KeyHandlerBopomofoTests.swift */; };
		D47D73A827A6C84F00255A50 /* associated-phrases.txt in Resources */ = {isa = PBXBuildFile; fileRef = D47D73A727A6C84F00255A50 /* associated-phrases.txt */; };
		D47D73A927A6C84F00255A50 /* associated-phrases.txt in Resources */ = {isa = PBXBuildFile; fileRef = D47D73A727A6C84F00255A50 /* associated-phrases.txt */; };
		D47D73AC27A6CAE600255A50 /* AssociatedPhrases.cpp in Sources */ = {isa = PBXBuildFile; fileRef = D47D73AA27A6CAE600255A50 /* AssociatedPhrases.cpp */; };
		D47D73C327A7200500255A50 /* FSEventStreamHelper in Frameworks */ = {isa = PBXBuildFile; productRef = D47D73C227A7200500255A50 /* FSEventStreamHelper */; };
		D47F7DCE278BFB57002F9DD7 /* PreferencesWindowController.swift in Sources */ = {isa = PBXBuildFile; fileRef = D47F7DCD278BFB57002F9DD7 /* PreferencesWindowController.swift */; };
		D47F7DD0278C0897002F9DD7 /* NonModalAlertWindowController.swift in Sources */ = {isa = PBXBuildFile; fileRef = D47F7DCF278C0897002F9DD7 /* NonModalAlertWindowController.swift */; };
		D47F7DD3278C1263002F9DD7 /* UserOverrideModel.cpp in Sources */ = {isa = PBXBuildFile; fileRef = D47F7DD2278C1263002F9DD7 /* UserOverrideModel.cpp */; };
		D485D3B92796A8A000657FF3 /* PreferencesTests.swift in Sources */ = {isa = PBXBuildFile; fileRef = D485D3B82796A8A000657FF3 /* PreferencesTests.swift */; };
		D485D3C02796CE3200657FF3 /* VersionUpdateTests.swift in Sources */ = {isa = PBXBuildFile; fileRef = D485D3BF2796CE3200657FF3 /* VersionUpdateTests.swift */; };
		D4A13D5A27A59F0B003BE359 /* InputMethodController.swift in Sources */ = {isa = PBXBuildFile; fileRef = D4A13D5927A59D5C003BE359 /* InputMethodController.swift */; };
		D4A8E43627A9E982002F7A07 /* KeyHandlerPlainBopomofoTests.swift in Sources */ = {isa = PBXBuildFile; fileRef = D4A8E43527A9E982002F7A07 /* KeyHandlerPlainBopomofoTests.swift */; };
		D4C9CAB127AAC9690058DFEA /* NSStringUtils in Frameworks */ = {isa = PBXBuildFile; productRef = D4C9CAB027AAC9690058DFEA /* NSStringUtils */; };
		D4E33D8A27A838CF006DB1CF /* Localizable.strings in Resources */ = {isa = PBXBuildFile; fileRef = D4E33D8827A838CF006DB1CF /* Localizable.strings */; };
		D4E33D8F27A838F0006DB1CF /* InfoPlist.strings in Resources */ = {isa = PBXBuildFile; fileRef = D4E33D8D27A838F0006DB1CF /* InfoPlist.strings */; };
		D4E569DC27A34D0E00AC2CEF /* KeyHandler.mm in Sources */ = {isa = PBXBuildFile; fileRef = D4E569DB27A34CC100AC2CEF /* KeyHandler.mm */; };
		D4E569E427A414CB00AC2CEF /* data-plain-bpmf.txt in Resources */ = {isa = PBXBuildFile; fileRef = 6AD7CBC715FE555000691B5B /* data-plain-bpmf.txt */; };
		D4E569E527A414CB00AC2CEF /* data.txt in Resources */ = {isa = PBXBuildFile; fileRef = 6A38BBF615FC117A00A8A51F /* data.txt */; };
		D4F0BBDF279AF1AF0071253C /* ArchiveUtil.swift in Sources */ = {isa = PBXBuildFile; fileRef = D4F0BBDE279AF1AF0071253C /* ArchiveUtil.swift */; };
		D4F0BBE1279AF8B30071253C /* AppDelegate.swift in Sources */ = {isa = PBXBuildFile; fileRef = D4F0BBE0279AF8B30071253C /* AppDelegate.swift */; };
		D4F0BBE4279B08900071253C /* BundleTranslocate.m in Sources */ = {isa = PBXBuildFile; fileRef = D4F0BBE3279B08900071253C /* BundleTranslocate.m */; };
		D4F0BBE7279B14C20071253C /* Credits.rtf in Resources */ = {isa = PBXBuildFile; fileRef = D4F0BBE9279B14C20071253C /* Credits.rtf */; };
/* End PBXBuildFile section */

/* Begin PBXContainerItemProxy section */
		6A38BC2515FC131100A8A51F /* PBXContainerItemProxy */ = {
			isa = PBXContainerItemProxy;
			containerPortal = 6A0D4E9415FC0CFA00ABF4B3 /* Project object */;
			proxyType = 1;
			remoteGlobalIDString = 6A38BC2115FC12FD00A8A51F;
			remoteInfo = Data;
		};
		6ACA420015FC1DCC00935EF6 /* PBXContainerItemProxy */ = {
			isa = PBXContainerItemProxy;
			containerPortal = 6A0D4E9415FC0CFA00ABF4B3 /* Project object */;
			proxyType = 1;
			remoteGlobalIDString = 6A0D4EA115FC0D2D00ABF4B3;
			remoteInfo = McBopomofo;
		};
		D485D3BA2796A8A000657FF3 /* PBXContainerItemProxy */ = {
			isa = PBXContainerItemProxy;
			containerPortal = 6A0D4E9415FC0CFA00ABF4B3 /* Project object */;
			proxyType = 1;
			remoteGlobalIDString = 6A0D4EA115FC0D2D00ABF4B3;
			remoteInfo = McBopomofo;
		};
/* End PBXContainerItemProxy section */

/* Begin PBXFileReference section */
		6A0D4EA215FC0D2D00ABF4B3 /* McBopomofo.app */ = {isa = PBXFileReference; explicitFileType = wrapper.application; includeInIndex = 0; path = McBopomofo.app; sourceTree = BUILT_PRODUCTS_DIR; };
		6A0D4EEF15FC0DA600ABF4B3 /* Bopomofo.tiff */ = {isa = PBXFileReference; lastKnownFileType = image.tiff; path = Bopomofo.tiff; sourceTree = "<group>"; };
		6A0D4EF015FC0DA600ABF4B3 /* Bopomofo@2x.tiff */ = {isa = PBXFileReference; lastKnownFileType = image.tiff; path = "Bopomofo@2x.tiff"; sourceTree = "<group>"; };
		6A0D4EF515FC0DA600ABF4B3 /* McBopomofo-Info.plist */ = {isa = PBXFileReference; fileEncoding = 4; lastKnownFileType = text.plist.xml; path = "McBopomofo-Info.plist"; sourceTree = "<group>"; };
		6A0D4EF615FC0DA600ABF4B3 /* McBopomofo-Prefix.pch */ = {isa = PBXFileReference; fileEncoding = 4; lastKnownFileType = sourcecode.c.h; path = "McBopomofo-Prefix.pch"; sourceTree = "<group>"; };
		6A0D4F2015FC0EB100ABF4B3 /* Mandarin.cpp */ = {isa = PBXFileReference; fileEncoding = 4; lastKnownFileType = sourcecode.cpp.cpp; path = Mandarin.cpp; sourceTree = "<group>"; };
		6A0D4F2115FC0EB100ABF4B3 /* Mandarin.h */ = {isa = PBXFileReference; fileEncoding = 4; lastKnownFileType = sourcecode.c.h; path = Mandarin.h; sourceTree = "<group>"; };
		6A0D4F5615FC0EF900ABF4B3 /* zh-Hant */ = {isa = PBXFileReference; lastKnownFileType = file.xib; name = "zh-Hant"; path = "Source/zh-Hant.lproj/preferences.xib"; sourceTree = "<group>"; };
		6A15B32421A51F2300B92CD3 /* Base */ = {isa = PBXFileReference; lastKnownFileType = file.xib; name = Base; path = Base.lproj/MainMenu.xib; sourceTree = "<group>"; };
		6A15B32521A51F2300B92CD3 /* Base */ = {isa = PBXFileReference; lastKnownFileType = file.xib; name = Base; path = Base.lproj/MainMenu.xib; sourceTree = "<group>"; };
		6A15B32721A51F2300B92CD3 /* Base */ = {isa = PBXFileReference; lastKnownFileType = file.xib; name = Base; path = Source/Base.lproj/preferences.xib; sourceTree = "<group>"; };
		6A187E2916004C7300466B2E /* zh-Hant */ = {isa = PBXFileReference; lastKnownFileType = file.xib; name = "zh-Hant"; path = "zh-Hant.lproj/MainMenu.xib"; sourceTree = "<group>"; };
		6A225A1E23679F2600F685C6 /* NotarizedArchives */ = {isa = PBXFileReference; lastKnownFileType = folder; path = NotarizedArchives; sourceTree = "<group>"; };
		6A2E40F5253A69DA00D1AE1D /* Images.xcassets */ = {isa = PBXFileReference; lastKnownFileType = folder.assetcatalog; path = Images.xcassets; sourceTree = "<group>"; };
		6A38BBF615FC117A00A8A51F /* data.txt */ = {isa = PBXFileReference; fileEncoding = 4; lastKnownFileType = text; path = data.txt; sourceTree = "<group>"; };
		6A4F5F912879E838008C4307 /* reading_grid.h */ = {isa = PBXFileReference; fileEncoding = 4; lastKnownFileType = sourcecode.c.h; path = reading_grid.h; sourceTree = "<group>"; };
		6A4F5F922879E838008C4307 /* language_model.h */ = {isa = PBXFileReference; fileEncoding = 4; lastKnownFileType = sourcecode.c.h; path = language_model.h; sourceTree = "<group>"; };
		6A4F5F932879E838008C4307 /* reading_grid.cpp */ = {isa = PBXFileReference; fileEncoding = 4; lastKnownFileType = sourcecode.cpp.cpp; path = reading_grid.cpp; sourceTree = "<group>"; };
		6A6ED1642797650A0012872E /* Base */ = {isa = PBXFileReference; lastKnownFileType = text; name = Base; path = "Base.lproj/template-phrases-replacement.txt"; sourceTree = "<group>"; };
		6A6ED1662797650A0012872E /* Base */ = {isa = PBXFileReference; lastKnownFileType = text; name = Base; path = "Base.lproj/template-data.txt"; sourceTree = "<group>"; };
		6A6ED1682797650A0012872E /* Base */ = {isa = PBXFileReference; lastKnownFileType = text; name = Base; path = "Base.lproj/template-exclude-phrases-plain-bpmf.txt"; sourceTree = "<group>"; };
		6A6ED16A2797650A0012872E /* Base */ = {isa = PBXFileReference; lastKnownFileType = text; name = Base; path = "Base.lproj/template-exclude-phrases.txt"; sourceTree = "<group>"; };
		6A6ED16F279765100012872E /* zh-Hant */ = {isa = PBXFileReference; lastKnownFileType = text; name = "zh-Hant"; path = "zh-Hant.lproj/template-data.txt"; sourceTree = "<group>"; };
		6A6ED170279765140012872E /* zh-Hant */ = {isa = PBXFileReference; lastKnownFileType = text; name = "zh-Hant"; path = "zh-Hant.lproj/template-exclude-phrases-plain-bpmf.txt"; sourceTree = "<group>"; };
		6A6ED171279765170012872E /* zh-Hant */ = {isa = PBXFileReference; lastKnownFileType = text; name = "zh-Hant"; path = "zh-Hant.lproj/template-exclude-phrases.txt"; sourceTree = "<group>"; };
		6A6ED1722797651A0012872E /* zh-Hant */ = {isa = PBXFileReference; lastKnownFileType = text; name = "zh-Hant"; path = "zh-Hant.lproj/template-phrases-replacement.txt"; sourceTree = "<group>"; };
		6A93050C279877FF00D370DA /* McBopomofoInstaller-Bridging-Header.h */ = {isa = PBXFileReference; lastKnownFileType = sourcecode.c.h; path = "McBopomofoInstaller-Bridging-Header.h"; sourceTree = "<group>"; };
		6ACA41CB15FC1D7500935EF6 /* McBopomofoInstaller.app */ = {isa = PBXFileReference; explicitFileType = wrapper.application; includeInIndex = 0; path = McBopomofoInstaller.app; sourceTree = BUILT_PRODUCTS_DIR; };
		6ACA41EB15FC1D9000935EF6 /* en */ = {isa = PBXFileReference; lastKnownFileType = text.plist.strings; name = en; path = en.lproj/InfoPlist.strings; sourceTree = "<group>"; };
		6ACA41ED15FC1D9000935EF6 /* en */ = {isa = PBXFileReference; lastKnownFileType = text.rtf; name = en; path = en.lproj/License.rtf; sourceTree = "<group>"; };
		6ACA41EF15FC1D9000935EF6 /* en */ = {isa = PBXFileReference; lastKnownFileType = text.plist.strings; name = en; path = en.lproj/Localizable.strings; sourceTree = "<group>"; };
		6ACA41F215FC1D9000935EF6 /* Installer-Info.plist */ = {isa = PBXFileReference; fileEncoding = 4; lastKnownFileType = text.plist.xml; name = "Installer-Info.plist"; path = "Source/Installer/Installer-Info.plist"; sourceTree = SOURCE_ROOT; };
		6ACA41F315FC1D9000935EF6 /* Installer-Prefix.pch */ = {isa = PBXFileReference; fileEncoding = 4; lastKnownFileType = sourcecode.c.h; name = "Installer-Prefix.pch"; path = "Source/Installer/Installer-Prefix.pch"; sourceTree = SOURCE_ROOT; };
		6ACA41F515FC1D9000935EF6 /* zh-Hant */ = {isa = PBXFileReference; lastKnownFileType = text.plist.strings; name = "zh-Hant"; path = "zh-Hant.lproj/InfoPlist.strings"; sourceTree = "<group>"; };
		6ACA41F615FC1D9000935EF6 /* zh-Hant */ = {isa = PBXFileReference; lastKnownFileType = text.rtf; name = "zh-Hant"; path = "zh-Hant.lproj/License.rtf"; sourceTree = "<group>"; };
		6ACA41F715FC1D9000935EF6 /* zh-Hant */ = {isa = PBXFileReference; lastKnownFileType = text.plist.strings; name = "zh-Hant"; path = "zh-Hant.lproj/Localizable.strings"; sourceTree = "<group>"; };
		6ACA41F815FC1D9000935EF6 /* zh-Hant */ = {isa = PBXFileReference; lastKnownFileType = file.xib; name = "zh-Hant"; path = "zh-Hant.lproj/MainMenu.xib"; sourceTree = "<group>"; };
		6ACC3D3C27914AAB00F1B140 /* KeyValueBlobReader.h */ = {isa = PBXFileReference; fileEncoding = 4; lastKnownFileType = sourcecode.c.h; path = KeyValueBlobReader.h; sourceTree = "<group>"; };
		6ACC3D3E27914F2400F1B140 /* KeyValueBlobReader.cpp */ = {isa = PBXFileReference; fileEncoding = 4; lastKnownFileType = sourcecode.cpp.cpp; path = KeyValueBlobReader.cpp; sourceTree = "<group>"; };
		6ACC3D402793701600F1B140 /* ParselessPhraseDB.cpp */ = {isa = PBXFileReference; fileEncoding = 4; lastKnownFileType = sourcecode.cpp.cpp; path = ParselessPhraseDB.cpp; sourceTree = "<group>"; };
		6ACC3D412793701600F1B140 /* ParselessPhraseDB.h */ = {isa = PBXFileReference; fileEncoding = 4; lastKnownFileType = sourcecode.c.h; path = ParselessPhraseDB.h; sourceTree = "<group>"; };
		6ACC3D422793701600F1B140 /* ParselessLM.cpp */ = {isa = PBXFileReference; fileEncoding = 4; lastKnownFileType = sourcecode.cpp.cpp; path = ParselessLM.cpp; sourceTree = "<group>"; };
		6ACC3D432793701600F1B140 /* ParselessLM.h */ = {isa = PBXFileReference; fileEncoding = 4; lastKnownFileType = sourcecode.c.h; path = ParselessLM.h; sourceTree = "<group>"; };
		6AD7CBC715FE555000691B5B /* data-plain-bpmf.txt */ = {isa = PBXFileReference; fileEncoding = 4; lastKnownFileType = text; path = "data-plain-bpmf.txt"; sourceTree = "<group>"; };
		6AE210B015FC63CC003659FE /* PlainBopomofo.tiff */ = {isa = PBXFileReference; lastKnownFileType = image.tiff; path = PlainBopomofo.tiff; sourceTree = "<group>"; };
		6AE210B115FC63CC003659FE /* PlainBopomofo@2x.tiff */ = {isa = PBXFileReference; lastKnownFileType = image.tiff; path = "PlainBopomofo@2x.tiff"; sourceTree = "<group>"; };
		6AE2150F2A2849BB005A6A02 /* UTF8Helper.h */ = {isa = PBXFileReference; fileEncoding = 4; lastKnownFileType = sourcecode.c.h; path = UTF8Helper.h; sourceTree = "<group>"; };
		6AE215102A2849BB005A6A02 /* UTF8Helper.cpp */ = {isa = PBXFileReference; fileEncoding = 4; lastKnownFileType = sourcecode.cpp.cpp; path = UTF8Helper.cpp; sourceTree = "<group>"; };
		6AFF97F0253B299E007F1C49 /* NonModalAlertWindowController.xib */ = {isa = PBXFileReference; fileEncoding = 4; lastKnownFileType = file.xib; path = NonModalAlertWindowController.xib; sourceTree = "<group>"; };
		D41355D6278D7409005E5CBD /* LanguageModelManager.h */ = {isa = PBXFileReference; lastKnownFileType = sourcecode.c.h; path = LanguageModelManager.h; sourceTree = "<group>"; };
		D41355D7278D7409005E5CBD /* LanguageModelManager.mm */ = {isa = PBXFileReference; lastKnownFileType = sourcecode.cpp.objcpp; path = LanguageModelManager.mm; sourceTree = "<group>"; };
		D41355D9278E6D17005E5CBD /* McBopomofoLM.cpp */ = {isa = PBXFileReference; lastKnownFileType = sourcecode.cpp.cpp; path = McBopomofoLM.cpp; sourceTree = "<group>"; };
		D41355DA278E6D17005E5CBD /* McBopomofoLM.h */ = {isa = PBXFileReference; lastKnownFileType = sourcecode.c.h; path = McBopomofoLM.h; sourceTree = "<group>"; };
		D41355DC278EA3ED005E5CBD /* UserPhrasesLM.cpp */ = {isa = PBXFileReference; lastKnownFileType = sourcecode.cpp.cpp; path = UserPhrasesLM.cpp; sourceTree = "<group>"; };
		D41355DD278EA3ED005E5CBD /* UserPhrasesLM.h */ = {isa = PBXFileReference; lastKnownFileType = sourcecode.c.h; path = UserPhrasesLM.h; sourceTree = "<group>"; };
		D427A9BF25ED28CC005D43E0 /* McBopomofo-Bridging-Header.h */ = {isa = PBXFileReference; lastKnownFileType = sourcecode.c.h; path = "McBopomofo-Bridging-Header.h"; sourceTree = "<group>"; };
		D427F768278C9D0D004A2160 /* CandidateUI */ = {isa = PBXFileReference; lastKnownFileType = wrapper; name = CandidateUI; path = Packages/CandidateUI; sourceTree = "<group>"; };
		D427F76B278CA1BA004A2160 /* AppDelegate.swift */ = {isa = PBXFileReference; lastKnownFileType = sourcecode.swift; path = AppDelegate.swift; sourceTree = "<group>"; };
		D427F7A727905E43004A2160 /* TooltipUI */ = {isa = PBXFileReference; lastKnownFileType = wrapper; name = TooltipUI; path = Packages/TooltipUI; sourceTree = "<group>"; };
		D427F7AC27907B7E004A2160 /* NotifierUI */ = {isa = PBXFileReference; lastKnownFileType = wrapper; name = NotifierUI; path = Packages/NotifierUI; sourceTree = "<group>"; };
		D427F7B2279086B5004A2160 /* InputSourceHelper */ = {isa = PBXFileReference; lastKnownFileType = wrapper; name = InputSourceHelper; path = Packages/InputSourceHelper; sourceTree = "<group>"; };
		D427F7BF27908EAC004A2160 /* OpenCCBridge */ = {isa = PBXFileReference; lastKnownFileType = wrapper; name = OpenCCBridge; path = Packages/OpenCCBridge; sourceTree = "<group>"; };
		D44FB74427915555003C80A6 /* Preferences.swift */ = {isa = PBXFileReference; lastKnownFileType = sourcecode.swift; path = Preferences.swift; sourceTree = "<group>"; };
		D44FB7482791B346003C80A6 /* VXHanConvert */ = {isa = PBXFileReference; lastKnownFileType = wrapper; name = VXHanConvert; path = Packages/VXHanConvert; sourceTree = "<group>"; };
		D44FB74B2792189A003C80A6 /* PhraseReplacementMap.cpp */ = {isa = PBXFileReference; lastKnownFileType = sourcecode.cpp.cpp; path = PhraseReplacementMap.cpp; sourceTree = "<group>"; };
		D44FB74C2792189A003C80A6 /* PhraseReplacementMap.h */ = {isa = PBXFileReference; lastKnownFileType = sourcecode.c.h; path = PhraseReplacementMap.h; sourceTree = "<group>"; };
		D456576D279E4F7B00DF6BC9 /* KeyHandlerInput.swift */ = {isa = PBXFileReference; lastKnownFileType = sourcecode.swift; path = KeyHandlerInput.swift; sourceTree = "<group>"; };
		D461B791279DAC010070E734 /* InputState.swift */ = {isa = PBXFileReference; lastKnownFileType = sourcecode.swift; path = InputState.swift; sourceTree = "<group>"; };
		D476CB482827DB6300F48552 /* add-phrase-hook.sh */ = {isa = PBXFileReference; fileEncoding = 4; lastKnownFileType = text.script.sh; path = "add-phrase-hook.sh"; sourceTree = "<group>"; };
		D47B92BF27972AC800458394 /* main.swift */ = {isa = PBXFileReference; lastKnownFileType = sourcecode.swift; path = main.swift; sourceTree = "<group>"; };
		D47D73A327A5D43900255A50 /* KeyHandlerBopomofoTests.swift */ = {isa = PBXFileReference; lastKnownFileType = sourcecode.swift; path = KeyHandlerBopomofoTests.swift; sourceTree = "<group>"; };
		D47D73A727A6C84F00255A50 /* associated-phrases.txt */ = {isa = PBXFileReference; fileEncoding = 4; lastKnownFileType = text; path = "associated-phrases.txt"; sourceTree = "<group>"; };
		D47D73AA27A6CAE600255A50 /* AssociatedPhrases.cpp */ = {isa = PBXFileReference; lastKnownFileType = sourcecode.cpp.cpp; path = AssociatedPhrases.cpp; sourceTree = "<group>"; };
		D47D73AB27A6CAE600255A50 /* AssociatedPhrases.h */ = {isa = PBXFileReference; lastKnownFileType = sourcecode.c.h; path = AssociatedPhrases.h; sourceTree = "<group>"; };
		D47D73C027A71FFA00255A50 /* FSEventStreamHelper */ = {isa = PBXFileReference; lastKnownFileType = wrapper; name = FSEventStreamHelper; path = Packages/FSEventStreamHelper; sourceTree = "<group>"; };
		D47F7DCD278BFB57002F9DD7 /* PreferencesWindowController.swift */ = {isa = PBXFileReference; lastKnownFileType = sourcecode.swift; path = PreferencesWindowController.swift; sourceTree = "<group>"; };
		D47F7DCF278C0897002F9DD7 /* NonModalAlertWindowController.swift */ = {isa = PBXFileReference; lastKnownFileType = sourcecode.swift; path = NonModalAlertWindowController.swift; sourceTree = "<group>"; };
		D47F7DD1278C1263002F9DD7 /* UserOverrideModel.h */ = {isa = PBXFileReference; fileEncoding = 4; lastKnownFileType = sourcecode.c.h; path = UserOverrideModel.h; sourceTree = "<group>"; };
		D47F7DD2278C1263002F9DD7 /* UserOverrideModel.cpp */ = {isa = PBXFileReference; fileEncoding = 4; lastKnownFileType = sourcecode.cpp.cpp; path = UserOverrideModel.cpp; sourceTree = "<group>"; };
		D485D3B62796A8A000657FF3 /* McBopomofoTests.xctest */ = {isa = PBXFileReference; explicitFileType = wrapper.cfbundle; includeInIndex = 0; path = McBopomofoTests.xctest; sourceTree = BUILT_PRODUCTS_DIR; };
		D485D3B82796A8A000657FF3 /* PreferencesTests.swift */ = {isa = PBXFileReference; lastKnownFileType = sourcecode.swift; path = PreferencesTests.swift; sourceTree = "<group>"; };
		D485D3BF2796CE3200657FF3 /* VersionUpdateTests.swift */ = {isa = PBXFileReference; lastKnownFileType = sourcecode.swift; path = VersionUpdateTests.swift; sourceTree = "<group>"; };
		D495583A27A5C6C4006ADE1C /* LanguageModelManager+Privates.h */ = {isa = PBXFileReference; lastKnownFileType = sourcecode.c.h; path = "LanguageModelManager+Privates.h"; sourceTree = "<group>"; };
		D4A13D5927A59D5C003BE359 /* InputMethodController.swift */ = {isa = PBXFileReference; lastKnownFileType = sourcecode.swift; path = InputMethodController.swift; sourceTree = "<group>"; };
		D4A8E43527A9E982002F7A07 /* KeyHandlerPlainBopomofoTests.swift */ = {isa = PBXFileReference; lastKnownFileType = sourcecode.swift; path = KeyHandlerPlainBopomofoTests.swift; sourceTree = "<group>"; };
		D4C9CAAF27AAC8EC0058DFEA /* NSStringUtils */ = {isa = PBXFileReference; lastKnownFileType = wrapper; name = NSStringUtils; path = Packages/NSStringUtils; sourceTree = "<group>"; };
		D4E33D8927A838CF006DB1CF /* Base */ = {isa = PBXFileReference; lastKnownFileType = text.plist.strings; name = Base; path = Base.lproj/Localizable.strings; sourceTree = "<group>"; };
		D4E33D8B27A838D5006DB1CF /* en */ = {isa = PBXFileReference; lastKnownFileType = text.plist.strings; name = en; path = en.lproj/Localizable.strings; sourceTree = "<group>"; };
		D4E33D8C27A838D8006DB1CF /* zh-Hant */ = {isa = PBXFileReference; lastKnownFileType = text.plist.strings; name = "zh-Hant"; path = "zh-Hant.lproj/Localizable.strings"; sourceTree = "<group>"; };
		D4E33D8E27A838F0006DB1CF /* Base */ = {isa = PBXFileReference; lastKnownFileType = text.plist.strings; name = Base; path = Base.lproj/InfoPlist.strings; sourceTree = "<group>"; };
		D4E33D9027A838F4006DB1CF /* en */ = {isa = PBXFileReference; lastKnownFileType = text.plist.strings; name = en; path = en.lproj/InfoPlist.strings; sourceTree = "<group>"; };
		D4E33D9127A838F7006DB1CF /* zh-Hant */ = {isa = PBXFileReference; lastKnownFileType = text.plist.strings; name = "zh-Hant"; path = "zh-Hant.lproj/InfoPlist.strings"; sourceTree = "<group>"; };
		D4E569DA27A34CC100AC2CEF /* KeyHandler.h */ = {isa = PBXFileReference; lastKnownFileType = sourcecode.c.h; path = KeyHandler.h; sourceTree = "<group>"; };
		D4E569DB27A34CC100AC2CEF /* KeyHandler.mm */ = {isa = PBXFileReference; lastKnownFileType = sourcecode.cpp.objcpp; path = KeyHandler.mm; sourceTree = "<group>"; };
		D4F0BBDE279AF1AF0071253C /* ArchiveUtil.swift */ = {isa = PBXFileReference; lastKnownFileType = sourcecode.swift; path = ArchiveUtil.swift; sourceTree = "<group>"; };
		D4F0BBE0279AF8B30071253C /* AppDelegate.swift */ = {isa = PBXFileReference; lastKnownFileType = sourcecode.swift; path = AppDelegate.swift; sourceTree = "<group>"; };
		D4F0BBE2279B08900071253C /* BundleTranslocate.h */ = {isa = PBXFileReference; lastKnownFileType = sourcecode.c.h; path = BundleTranslocate.h; sourceTree = "<group>"; };
		D4F0BBE3279B08900071253C /* BundleTranslocate.m */ = {isa = PBXFileReference; lastKnownFileType = sourcecode.c.objc; path = BundleTranslocate.m; sourceTree = "<group>"; };
		D4F0BBE8279B14C20071253C /* Base */ = {isa = PBXFileReference; lastKnownFileType = text.rtf; name = Base; path = Base.lproj/Credits.rtf; sourceTree = "<group>"; };
		D4F0BBEA279B14CB0071253C /* en */ = {isa = PBXFileReference; lastKnownFileType = text.rtf; name = en; path = en.lproj/Credits.rtf; sourceTree = "<group>"; };
		D4F0BBEB279B14D00071253C /* zh-Hant */ = {isa = PBXFileReference; lastKnownFileType = text.rtf; name = "zh-Hant"; path = "zh-Hant.lproj/Credits.rtf"; sourceTree = "<group>"; };
/* End PBXFileReference section */

/* Begin PBXFrameworksBuildPhase section */
		6A0D4E9F15FC0D2D00ABF4B3 /* Frameworks */ = {
			isa = PBXFrameworksBuildPhase;
			buildActionMask = 2147483647;
			files = (
				D427F7B4279086DC004A2160 /* InputSourceHelper in Frameworks */,
				D427F7C127908EFC004A2160 /* OpenCCBridge in Frameworks */,
				D44FB74A2791B829003C80A6 /* VXHanConvert in Frameworks */,
				D427F7A927905E90004A2160 /* TooltipUI in Frameworks */,
				D47D73C327A7200500255A50 /* FSEventStreamHelper in Frameworks */,
				D427F76A278C9E29004A2160 /* CandidateUI in Frameworks */,
				D4C9CAB127AAC9690058DFEA /* NSStringUtils in Frameworks */,
				D427F7AE27907B8A004A2160 /* NotifierUI in Frameworks */,
			);
			runOnlyForDeploymentPostprocessing = 0;
		};
		6ACA41C815FC1D7500935EF6 /* Frameworks */ = {
			isa = PBXFrameworksBuildPhase;
			buildActionMask = 2147483647;
			files = (
				D427F7B6279086F6004A2160 /* InputSourceHelper in Frameworks */,
			);
			runOnlyForDeploymentPostprocessing = 0;
		};
		D485D3B32796A8A000657FF3 /* Frameworks */ = {
			isa = PBXFrameworksBuildPhase;
			buildActionMask = 2147483647;
			files = (
			);
			runOnlyForDeploymentPostprocessing = 0;
		};
/* End PBXFrameworksBuildPhase section */

/* Begin PBXGroup section */
		6A0D4E9215FC0CFA00ABF4B3 = {
			isa = PBXGroup;
			children = (
				D427F766278C9CBD004A2160 /* Packages */,
				6A0D4EC215FC0D3C00ABF4B3 /* Source */,
				D485D3B72796A8A000657FF3 /* McBopomofoTests */,
				6A0D4EA315FC0D2D00ABF4B3 /* Products */,
				D47D73C127A7200500255A50 /* Frameworks */,
			);
			sourceTree = "<group>";
		};
		6A0D4EA315FC0D2D00ABF4B3 /* Products */ = {
			isa = PBXGroup;
			children = (
				6A0D4EA215FC0D2D00ABF4B3 /* McBopomofo.app */,
				6ACA41CB15FC1D7500935EF6 /* McBopomofoInstaller.app */,
				D485D3B62796A8A000657FF3 /* McBopomofoTests.xctest */,
			);
			name = Products;
			sourceTree = "<group>";
		};
		6A0D4EC215FC0D3C00ABF4B3 /* Source */ = {
			isa = PBXGroup;
			children = (
				6A38BBDD15FC115800A8A51F /* Data */,
				6A0D4F1215FC0EB100ABF4B3 /* Engine */,
				6ACA41E715FC1D9000935EF6 /* Installer */,
				6A0D4F4715FC0EB900ABF4B3 /* Resources */,
				D4A13D5927A59D5C003BE359 /* InputMethodController.swift */,
				D41355D6278D7409005E5CBD /* LanguageModelManager.h */,
				D495583A27A5C6C4006ADE1C /* LanguageModelManager+Privates.h */,
				D41355D7278D7409005E5CBD /* LanguageModelManager.mm */,
				D4E569DA27A34CC100AC2CEF /* KeyHandler.h */,
				D4E569DB27A34CC100AC2CEF /* KeyHandler.mm */,
				6AE215102A2849BB005A6A02 /* UTF8Helper.cpp */,
				6AE2150F2A2849BB005A6A02 /* UTF8Helper.h */,
				D456576D279E4F7B00DF6BC9 /* KeyHandlerInput.swift */,
				D461B791279DAC010070E734 /* InputState.swift */,
				D427F76B278CA1BA004A2160 /* AppDelegate.swift */,
				D44FB74427915555003C80A6 /* Preferences.swift */,
				D47F7DCF278C0897002F9DD7 /* NonModalAlertWindowController.swift */,
				D47F7DCD278BFB57002F9DD7 /* PreferencesWindowController.swift */,
				D47B92BF27972AC800458394 /* main.swift */,
				6A0D4EF615FC0DA600ABF4B3 /* McBopomofo-Prefix.pch */,
				D427A9BF25ED28CC005D43E0 /* McBopomofo-Bridging-Header.h */,
			);
			path = Source;
			sourceTree = "<group>";
		};
		6A0D4EEE15FC0DA600ABF4B3 /* Images */ = {
			isa = PBXGroup;
			children = (
				6A2E40F5253A69DA00D1AE1D /* Images.xcassets */,
				6A0D4EEF15FC0DA600ABF4B3 /* Bopomofo.tiff */,
				6A0D4EF015FC0DA600ABF4B3 /* Bopomofo@2x.tiff */,
				6AE210B015FC63CC003659FE /* PlainBopomofo.tiff */,
				6AE210B115FC63CC003659FE /* PlainBopomofo@2x.tiff */,
			);
			path = Images;
			sourceTree = "<group>";
		};
		6A0D4F1215FC0EB100ABF4B3 /* Engine */ = {
			isa = PBXGroup;
			children = (
				6A4F5F8F2879E838008C4307 /* gramambular2 */,
				6A0D4F1F15FC0EB100ABF4B3 /* Mandarin */,
				6ACC3D3E27914F2400F1B140 /* KeyValueBlobReader.cpp */,
				6ACC3D3C27914AAB00F1B140 /* KeyValueBlobReader.h */,
				D41355DC278EA3ED005E5CBD /* UserPhrasesLM.cpp */,
				D41355DD278EA3ED005E5CBD /* UserPhrasesLM.h */,
				6ACC3D422793701600F1B140 /* ParselessLM.cpp */,
				6ACC3D432793701600F1B140 /* ParselessLM.h */,
				6ACC3D402793701600F1B140 /* ParselessPhraseDB.cpp */,
				6ACC3D412793701600F1B140 /* ParselessPhraseDB.h */,
				D44FB74B2792189A003C80A6 /* PhraseReplacementMap.cpp */,
				D44FB74C2792189A003C80A6 /* PhraseReplacementMap.h */,
				D41355D9278E6D17005E5CBD /* McBopomofoLM.cpp */,
				D41355DA278E6D17005E5CBD /* McBopomofoLM.h */,
				D47F7DD2278C1263002F9DD7 /* UserOverrideModel.cpp */,
				D47F7DD1278C1263002F9DD7 /* UserOverrideModel.h */,
				D47D73AA27A6CAE600255A50 /* AssociatedPhrases.cpp */,
				D47D73AB27A6CAE600255A50 /* AssociatedPhrases.h */,
			);
			path = Engine;
			sourceTree = "<group>";
		};
		6A0D4F1F15FC0EB100ABF4B3 /* Mandarin */ = {
			isa = PBXGroup;
			children = (
				6A0D4F2015FC0EB100ABF4B3 /* Mandarin.cpp */,
				6A0D4F2115FC0EB100ABF4B3 /* Mandarin.h */,
			);
			path = Mandarin;
			sourceTree = "<group>";
		};
		6A0D4F4715FC0EB900ABF4B3 /* Resources */ = {
			isa = PBXGroup;
			children = (
				D476CB482827DB6300F48552 /* add-phrase-hook.sh */,
				D4F0BBE9279B14C20071253C /* Credits.rtf */,
				6A6ED162279764CD0012872E /* Custom Phrase Templates */,
				6AFF97F0253B299E007F1C49 /* NonModalAlertWindowController.xib */,
				6A0D4EEE15FC0DA600ABF4B3 /* Images */,
				6A0D4EF515FC0DA600ABF4B3 /* McBopomofo-Info.plist */,
				D4E33D8D27A838F0006DB1CF /* InfoPlist.strings */,
				D4E33D8827A838CF006DB1CF /* Localizable.strings */,
				6A187E2816004C5900466B2E /* MainMenu.xib */,
				6A0D4F4E15FC0EE100ABF4B3 /* preferences.xib */,
			);
			name = Resources;
			sourceTree = "<group>";
		};
		6A38BBDD15FC115800A8A51F /* Data */ = {
			isa = PBXGroup;
			children = (
				D47D73A727A6C84F00255A50 /* associated-phrases.txt */,
				6A38BBF615FC117A00A8A51F /* data.txt */,
				6AD7CBC715FE555000691B5B /* data-plain-bpmf.txt */,
			);
			path = Data;
			sourceTree = "<group>";
		};
		6A4F5F8F2879E838008C4307 /* gramambular2 */ = {
			isa = PBXGroup;
			children = (
				6A4F5F912879E838008C4307 /* reading_grid.h */,
				6A4F5F922879E838008C4307 /* language_model.h */,
				6A4F5F932879E838008C4307 /* reading_grid.cpp */,
			);
			path = gramambular2;
			sourceTree = "<group>";
		};
		6A6ED162279764CD0012872E /* Custom Phrase Templates */ = {
			isa = PBXGroup;
			children = (
				6A6ED1652797650A0012872E /* template-data.txt */,
				6A6ED1672797650A0012872E /* template-exclude-phrases-plain-bpmf.txt */,
				6A6ED1692797650A0012872E /* template-exclude-phrases.txt */,
				6A6ED1632797650A0012872E /* template-phrases-replacement.txt */,
			);
			name = "Custom Phrase Templates";
			sourceTree = "<group>";
		};
		6ACA41E715FC1D9000935EF6 /* Installer */ = {
			isa = PBXGroup;
			children = (
				D4F0BBE0279AF8B30071253C /* AppDelegate.swift */,
				D4F0BBDE279AF1AF0071253C /* ArchiveUtil.swift */,
				6A225A1E23679F2600F685C6 /* NotarizedArchives */,
				6ACA41EA15FC1D9000935EF6 /* InfoPlist.strings */,
				6ACA41EC15FC1D9000935EF6 /* License.rtf */,
				6ACA41EE15FC1D9000935EF6 /* Localizable.strings */,
				6ACA41F015FC1D9000935EF6 /* MainMenu.xib */,
				6ACA41F215FC1D9000935EF6 /* Installer-Info.plist */,
				6ACA41F315FC1D9000935EF6 /* Installer-Prefix.pch */,
				6A93050C279877FF00D370DA /* McBopomofoInstaller-Bridging-Header.h */,
				D4F0BBE2279B08900071253C /* BundleTranslocate.h */,
				D4F0BBE3279B08900071253C /* BundleTranslocate.m */,
			);
			path = Installer;
			sourceTree = "<group>";
		};
		D427F766278C9CBD004A2160 /* Packages */ = {
			isa = PBXGroup;
			children = (
				D427F768278C9D0D004A2160 /* CandidateUI */,
				D427F7A727905E43004A2160 /* TooltipUI */,
				D427F7AC27907B7E004A2160 /* NotifierUI */,
				D427F7B2279086B5004A2160 /* InputSourceHelper */,
				D427F7BF27908EAC004A2160 /* OpenCCBridge */,
				D44FB7482791B346003C80A6 /* VXHanConvert */,
				D47D73C027A71FFA00255A50 /* FSEventStreamHelper */,
				D4C9CAAF27AAC8EC0058DFEA /* NSStringUtils */,
			);
			name = Packages;
			sourceTree = "<group>";
		};
		D47D73C127A7200500255A50 /* Frameworks */ = {
			isa = PBXGroup;
			children = (
			);
			name = Frameworks;
			sourceTree = "<group>";
		};
		D485D3B72796A8A000657FF3 /* McBopomofoTests */ = {
			isa = PBXGroup;
			children = (
				D47D73A327A5D43900255A50 /* KeyHandlerBopomofoTests.swift */,
				D4A8E43527A9E982002F7A07 /* KeyHandlerPlainBopomofoTests.swift */,
				D485D3B82796A8A000657FF3 /* PreferencesTests.swift */,
				D485D3BF2796CE3200657FF3 /* VersionUpdateTests.swift */,
			);
			path = McBopomofoTests;
			sourceTree = "<group>";
		};
/* End PBXGroup section */

/* Begin PBXLegacyTarget section */
		6A38BC2115FC12FD00A8A51F /* Data */ = {
			isa = PBXLegacyTarget;
			buildArgumentsString = "$(ACTION)";
			buildConfigurationList = 6A38BC2215FC12FD00A8A51F /* Build configuration list for PBXLegacyTarget "Data" */;
			buildPhases = (
			);
			buildToolPath = /usr/bin/make;
			buildWorkingDirectory = "$(SRCROOT)/Source/Data";
			dependencies = (
			);
			name = Data;
			passBuildSettingsInEnvironment = 1;
			productName = Data;
		};
/* End PBXLegacyTarget section */

/* Begin PBXNativeTarget section */
		6A0D4EA115FC0D2D00ABF4B3 /* McBopomofo */ = {
			isa = PBXNativeTarget;
			buildConfigurationList = 6A0D4EC015FC0D2E00ABF4B3 /* Build configuration list for PBXNativeTarget "McBopomofo" */;
			buildPhases = (
				6A0D4E9E15FC0D2D00ABF4B3 /* Sources */,
				6A0D4E9F15FC0D2D00ABF4B3 /* Frameworks */,
				6A0D4EA015FC0D2D00ABF4B3 /* Resources */,
			);
			buildRules = (
			);
			dependencies = (
				6A38BC2615FC131100A8A51F /* PBXTargetDependency */,
			);
			name = McBopomofo;
			packageProductDependencies = (
				D427F769278C9E29004A2160 /* CandidateUI */,
				D427F7A827905E90004A2160 /* TooltipUI */,
				D427F7AD27907B8A004A2160 /* NotifierUI */,
				D427F7B3279086DC004A2160 /* InputSourceHelper */,
				D427F7C027908EFC004A2160 /* OpenCCBridge */,
				D44FB7492791B829003C80A6 /* VXHanConvert */,
				D47D73C227A7200500255A50 /* FSEventStreamHelper */,
				D4C9CAB027AAC9690058DFEA /* NSStringUtils */,
			);
			productName = McBopomofo;
			productReference = 6A0D4EA215FC0D2D00ABF4B3 /* McBopomofo.app */;
			productType = "com.apple.product-type.application";
		};
		6ACA41CA15FC1D7500935EF6 /* McBopomofoInstaller */ = {
			isa = PBXNativeTarget;
			buildConfigurationList = 6ACA41E415FC1D7600935EF6 /* Build configuration list for PBXNativeTarget "McBopomofoInstaller" */;
			buildPhases = (
				6ACA41C715FC1D7500935EF6 /* Sources */,
				6ACA41C815FC1D7500935EF6 /* Frameworks */,
				6ACA41C915FC1D7500935EF6 /* Resources */,
				6A225A2023679F5F00F685C6 /* ShellScript */,
			);
			buildRules = (
			);
			dependencies = (
				6ACA420115FC1DCC00935EF6 /* PBXTargetDependency */,
			);
			name = McBopomofoInstaller;
			packageProductDependencies = (
				D427F7B5279086F6004A2160 /* InputSourceHelper */,
			);
			productName = McBopomofoInstaller;
			productReference = 6ACA41CB15FC1D7500935EF6 /* McBopomofoInstaller.app */;
			productType = "com.apple.product-type.application";
		};
		D485D3B52796A8A000657FF3 /* McBopomofoTests */ = {
			isa = PBXNativeTarget;
			buildConfigurationList = D485D3BE2796A8A000657FF3 /* Build configuration list for PBXNativeTarget "McBopomofoTests" */;
			buildPhases = (
				D485D3B22796A8A000657FF3 /* Sources */,
				D485D3B32796A8A000657FF3 /* Frameworks */,
				D485D3B42796A8A000657FF3 /* Resources */,
			);
			buildRules = (
			);
			dependencies = (
				D485D3BB2796A8A000657FF3 /* PBXTargetDependency */,
			);
			name = McBopomofoTests;
			productName = McBopomofoTests;
			productReference = D485D3B62796A8A000657FF3 /* McBopomofoTests.xctest */;
			productType = "com.apple.product-type.bundle.unit-test";
		};
/* End PBXNativeTarget section */

/* Begin PBXProject section */
		6A0D4E9415FC0CFA00ABF4B3 /* Project object */ = {
			isa = PBXProject;
			attributes = {
				LastSwiftUpdateCheck = 1320;
				LastUpgradeCheck = 1420;
				TargetAttributes = {
					6A0D4EA115FC0D2D00ABF4B3 = {
						LastSwiftMigration = 1240;
					};
					6ACA41CA15FC1D7500935EF6 = {
						LastSwiftMigration = 1320;
					};
					D485D3B52796A8A000657FF3 = {
						CreatedOnToolsVersion = 13.2.1;
						LastSwiftMigration = 1320;
						TestTargetID = 6A0D4EA115FC0D2D00ABF4B3;
					};
				};
			};
			buildConfigurationList = 6A0D4E9715FC0CFA00ABF4B3 /* Build configuration list for PBXProject "McBopomofo" */;
			compatibilityVersion = "Xcode 3.2";
			developmentRegion = en;
			hasScannedForEncodings = 0;
			knownRegions = (
				en,
				"zh-Hant",
				Base,
			);
			mainGroup = 6A0D4E9215FC0CFA00ABF4B3;
			packageReferences = (
			);
			productRefGroup = 6A0D4EA315FC0D2D00ABF4B3 /* Products */;
			projectDirPath = "";
			projectRoot = "";
			targets = (
				6A0D4EA115FC0D2D00ABF4B3 /* McBopomofo */,
				6ACA41CA15FC1D7500935EF6 /* McBopomofoInstaller */,
				6A38BC2115FC12FD00A8A51F /* Data */,
				D485D3B52796A8A000657FF3 /* McBopomofoTests */,
			);
		};
/* End PBXProject section */

/* Begin PBXResourcesBuildPhase section */
		6A0D4EA015FC0D2D00ABF4B3 /* Resources */ = {
			isa = PBXResourcesBuildPhase;
			buildActionMask = 2147483647;
			files = (
				D4E33D8A27A838CF006DB1CF /* Localizable.strings in Resources */,
				6A6ED16E2797650A0012872E /* template-exclude-phrases.txt in Resources */,
				6A0D4F0815FC0DA600ABF4B3 /* Bopomofo.tiff in Resources */,
				6A0D4F0915FC0DA600ABF4B3 /* Bopomofo@2x.tiff in Resources */,
				6A6ED16D2797650A0012872E /* template-exclude-phrases-plain-bpmf.txt in Resources */,
				6A0D4F5315FC0EE100ABF4B3 /* preferences.xib in Resources */,
				6A2E40F6253A69DA00D1AE1D /* Images.xcassets in Resources */,
				D4E33D8F27A838F0006DB1CF /* InfoPlist.strings in Resources */,
				6A38BC1515FC117A00A8A51F /* data.txt in Resources */,
				6A6ED16B2797650A0012872E /* template-phrases-replacement.txt in Resources */,
				6AFF97F2253B299E007F1C49 /* NonModalAlertWindowController.xib in Resources */,
				6AE210B215FC63CC003659FE /* PlainBopomofo.tiff in Resources */,
				D4F0BBE7279B14C20071253C /* Credits.rtf in Resources */,
				D476CB492827DB6300F48552 /* add-phrase-hook.sh in Resources */,
				6A6ED16C2797650A0012872E /* template-data.txt in Resources */,
				6AE210B315FC63CC003659FE /* PlainBopomofo@2x.tiff in Resources */,
				6AD7CBC815FE555000691B5B /* data-plain-bpmf.txt in Resources */,
				6A187E2616004C5900466B2E /* MainMenu.xib in Resources */,
				D47D73A827A6C84F00255A50 /* associated-phrases.txt in Resources */,
			);
			runOnlyForDeploymentPostprocessing = 0;
		};
		6ACA41C915FC1D7500935EF6 /* Resources */ = {
			isa = PBXResourcesBuildPhase;
			buildActionMask = 2147483647;
			files = (
				6ACA420215FC1E5200935EF6 /* McBopomofo.app in Resources */,
				6A2E40F9253A6AA000D1AE1D /* Images.xcassets in Resources */,
				6ACA41FA15FC1D9000935EF6 /* InfoPlist.strings in Resources */,
				6A225A1F23679F2600F685C6 /* NotarizedArchives in Resources */,
				6ACA41FB15FC1D9000935EF6 /* License.rtf in Resources */,
				6ACA41FC15FC1D9000935EF6 /* Localizable.strings in Resources */,
				6ACA41FD15FC1D9000935EF6 /* MainMenu.xib in Resources */,
			);
			runOnlyForDeploymentPostprocessing = 0;
		};
		D485D3B42796A8A000657FF3 /* Resources */ = {
			isa = PBXResourcesBuildPhase;
			buildActionMask = 2147483647;
			files = (
				D4E569E527A414CB00AC2CEF /* data.txt in Resources */,
				D4E569E427A414CB00AC2CEF /* data-plain-bpmf.txt in Resources */,
				D47D73A927A6C84F00255A50 /* associated-phrases.txt in Resources */,
			);
			runOnlyForDeploymentPostprocessing = 0;
		};
/* End PBXResourcesBuildPhase section */

/* Begin PBXShellScriptBuildPhase section */
		6A225A2023679F5F00F685C6 /* ShellScript */ = {
			isa = PBXShellScriptBuildPhase;
			alwaysOutOfDate = 1;
			buildActionMask = 2147483647;
			files = (
			);
			inputFileListPaths = (
			);
			inputPaths = (
			);
			outputFileListPaths = (
			);
			outputPaths = (
			);
			runOnlyForDeploymentPostprocessing = 0;
			shellPath = /bin/sh;
			shellScript = "# Remove the README.md in the NotarizedArchives directory\nrm -f \"${TARGET_BUILD_DIR}/${UNLOCALIZED_RESOURCES_FOLDER_PATH}/NotarizedArchives/README.md\"\n";
		};
/* End PBXShellScriptBuildPhase section */

/* Begin PBXSourcesBuildPhase section */
		6A0D4E9E15FC0D2D00ABF4B3 /* Sources */ = {
			isa = PBXSourcesBuildPhase;
			buildActionMask = 2147483647;
			files = (
				D427F76C278CA2B0004A2160 /* AppDelegate.swift in Sources */,
				6ACC3D442793701600F1B140 /* ParselessPhraseDB.cpp in Sources */,
				D461B792279DAC010070E734 /* InputState.swift in Sources */,
				D47B92C027972AD100458394 /* main.swift in Sources */,
				D44FB74D2792189A003C80A6 /* PhraseReplacementMap.cpp in Sources */,
				D4A13D5A27A59F0B003BE359 /* InputMethodController.swift in Sources */,
				D44FB74527915565003C80A6 /* Preferences.swift in Sources */,
				D4E569DC27A34D0E00AC2CEF /* KeyHandler.mm in Sources */,
				6A4F5F982879E838008C4307 /* reading_grid.cpp in Sources */,
				D47F7DD0278C0897002F9DD7 /* NonModalAlertWindowController.swift in Sources */,
				D456576E279E4F7B00DF6BC9 /* KeyHandlerInput.swift in Sources */,
				D47F7DCE278BFB57002F9DD7 /* PreferencesWindowController.swift in Sources */,
				D47D73AC27A6CAE600255A50 /* AssociatedPhrases.cpp in Sources */,
				D41355DB278E6D17005E5CBD /* McBopomofoLM.cpp in Sources */,
				D47F7DD3278C1263002F9DD7 /* UserOverrideModel.cpp in Sources */,
				6A0D4F4515FC0EB100ABF4B3 /* Mandarin.cpp in Sources */,
				6ACC3D452793701600F1B140 /* ParselessLM.cpp in Sources */,
				D41355DE278EA3ED005E5CBD /* UserPhrasesLM.cpp in Sources */,
				6AE215112A2849BB005A6A02 /* UTF8Helper.cpp in Sources */,
				6ACC3D3F27914F2400F1B140 /* KeyValueBlobReader.cpp in Sources */,
				D41355D8278D74B5005E5CBD /* LanguageModelManager.mm in Sources */,
			);
			runOnlyForDeploymentPostprocessing = 0;
		};
		6ACA41C715FC1D7500935EF6 /* Sources */ = {
			isa = PBXSourcesBuildPhase;
			buildActionMask = 2147483647;
			files = (
				D4F0BBE1279AF8B30071253C /* AppDelegate.swift in Sources */,
				D4F0BBE4279B08900071253C /* BundleTranslocate.m in Sources */,
				D4F0BBDF279AF1AF0071253C /* ArchiveUtil.swift in Sources */,
			);
			runOnlyForDeploymentPostprocessing = 0;
		};
		D485D3B22796A8A000657FF3 /* Sources */ = {
			isa = PBXSourcesBuildPhase;
			buildActionMask = 2147483647;
			files = (
				D4A8E43627A9E982002F7A07 /* KeyHandlerPlainBopomofoTests.swift in Sources */,
				D47D73A427A5D43900255A50 /* KeyHandlerBopomofoTests.swift in Sources */,
				D485D3B92796A8A000657FF3 /* PreferencesTests.swift in Sources */,
				D485D3C02796CE3200657FF3 /* VersionUpdateTests.swift in Sources */,
			);
			runOnlyForDeploymentPostprocessing = 0;
		};
/* End PBXSourcesBuildPhase section */

/* Begin PBXTargetDependency section */
		6A38BC2615FC131100A8A51F /* PBXTargetDependency */ = {
			isa = PBXTargetDependency;
			target = 6A38BC2115FC12FD00A8A51F /* Data */;
			targetProxy = 6A38BC2515FC131100A8A51F /* PBXContainerItemProxy */;
		};
		6ACA420115FC1DCC00935EF6 /* PBXTargetDependency */ = {
			isa = PBXTargetDependency;
			target = 6A0D4EA115FC0D2D00ABF4B3 /* McBopomofo */;
			targetProxy = 6ACA420015FC1DCC00935EF6 /* PBXContainerItemProxy */;
		};
		D485D3BB2796A8A000657FF3 /* PBXTargetDependency */ = {
			isa = PBXTargetDependency;
			target = 6A0D4EA115FC0D2D00ABF4B3 /* McBopomofo */;
			targetProxy = D485D3BA2796A8A000657FF3 /* PBXContainerItemProxy */;
		};
/* End PBXTargetDependency section */

/* Begin PBXVariantGroup section */
		6A0D4F4E15FC0EE100ABF4B3 /* preferences.xib */ = {
			isa = PBXVariantGroup;
			children = (
				6A0D4F5615FC0EF900ABF4B3 /* zh-Hant */,
				6A15B32721A51F2300B92CD3 /* Base */,
			);
			name = preferences.xib;
			path = ..;
			sourceTree = "<group>";
		};
		6A187E2816004C5900466B2E /* MainMenu.xib */ = {
			isa = PBXVariantGroup;
			children = (
				6A187E2916004C7300466B2E /* zh-Hant */,
				6A15B32521A51F2300B92CD3 /* Base */,
			);
			name = MainMenu.xib;
			sourceTree = "<group>";
		};
		6A6ED1632797650A0012872E /* template-phrases-replacement.txt */ = {
			isa = PBXVariantGroup;
			children = (
				6A6ED1642797650A0012872E /* Base */,
				6A6ED1722797651A0012872E /* zh-Hant */,
			);
			name = "template-phrases-replacement.txt";
			sourceTree = "<group>";
		};
		6A6ED1652797650A0012872E /* template-data.txt */ = {
			isa = PBXVariantGroup;
			children = (
				6A6ED1662797650A0012872E /* Base */,
				6A6ED16F279765100012872E /* zh-Hant */,
			);
			name = "template-data.txt";
			sourceTree = "<group>";
		};
		6A6ED1672797650A0012872E /* template-exclude-phrases-plain-bpmf.txt */ = {
			isa = PBXVariantGroup;
			children = (
				6A6ED1682797650A0012872E /* Base */,
				6A6ED170279765140012872E /* zh-Hant */,
			);
			name = "template-exclude-phrases-plain-bpmf.txt";
			sourceTree = "<group>";
		};
		6A6ED1692797650A0012872E /* template-exclude-phrases.txt */ = {
			isa = PBXVariantGroup;
			children = (
				6A6ED16A2797650A0012872E /* Base */,
				6A6ED171279765170012872E /* zh-Hant */,
			);
			name = "template-exclude-phrases.txt";
			sourceTree = "<group>";
		};
		6ACA41EA15FC1D9000935EF6 /* InfoPlist.strings */ = {
			isa = PBXVariantGroup;
			children = (
				6ACA41EB15FC1D9000935EF6 /* en */,
				6ACA41F515FC1D9000935EF6 /* zh-Hant */,
			);
			name = InfoPlist.strings;
			path = Source/Installer;
			sourceTree = SOURCE_ROOT;
		};
		6ACA41EC15FC1D9000935EF6 /* License.rtf */ = {
			isa = PBXVariantGroup;
			children = (
				6ACA41ED15FC1D9000935EF6 /* en */,
				6ACA41F615FC1D9000935EF6 /* zh-Hant */,
			);
			name = License.rtf;
			path = Source/Installer;
			sourceTree = SOURCE_ROOT;
		};
		6ACA41EE15FC1D9000935EF6 /* Localizable.strings */ = {
			isa = PBXVariantGroup;
			children = (
				6ACA41EF15FC1D9000935EF6 /* en */,
				6ACA41F715FC1D9000935EF6 /* zh-Hant */,
			);
			name = Localizable.strings;
			path = Source/Installer;
			sourceTree = SOURCE_ROOT;
		};
		6ACA41F015FC1D9000935EF6 /* MainMenu.xib */ = {
			isa = PBXVariantGroup;
			children = (
				6ACA41F815FC1D9000935EF6 /* zh-Hant */,
				6A15B32421A51F2300B92CD3 /* Base */,
			);
			name = MainMenu.xib;
			path = Source/Installer;
			sourceTree = SOURCE_ROOT;
		};
		D4E33D8827A838CF006DB1CF /* Localizable.strings */ = {
			isa = PBXVariantGroup;
			children = (
				D4E33D8927A838CF006DB1CF /* Base */,
				D4E33D8B27A838D5006DB1CF /* en */,
				D4E33D8C27A838D8006DB1CF /* zh-Hant */,
			);
			name = Localizable.strings;
			sourceTree = "<group>";
		};
		D4E33D8D27A838F0006DB1CF /* InfoPlist.strings */ = {
			isa = PBXVariantGroup;
			children = (
				D4E33D8E27A838F0006DB1CF /* Base */,
				D4E33D9027A838F4006DB1CF /* en */,
				D4E33D9127A838F7006DB1CF /* zh-Hant */,
			);
			name = InfoPlist.strings;
			sourceTree = "<group>";
		};
		D4F0BBE9279B14C20071253C /* Credits.rtf */ = {
			isa = PBXVariantGroup;
			children = (
				D4F0BBE8279B14C20071253C /* Base */,
				D4F0BBEA279B14CB0071253C /* en */,
				D4F0BBEB279B14D00071253C /* zh-Hant */,
			);
			name = Credits.rtf;
			sourceTree = "<group>";
		};
/* End PBXVariantGroup section */

/* Begin XCBuildConfiguration section */
		6A0D4E9915FC0CFA00ABF4B3 /* Debug */ = {
			isa = XCBuildConfiguration;
			buildSettings = {
				CLANG_ANALYZER_LOCALIZABILITY_NONLOCALIZED = YES;
				CLANG_ENABLE_MODULES = YES;
				CLANG_WARN_BLOCK_CAPTURE_AUTORELEASING = YES;
				CLANG_WARN_BOOL_CONVERSION = YES;
				CLANG_WARN_COMMA = YES;
				CLANG_WARN_CONSTANT_CONVERSION = YES;
				CLANG_WARN_DEPRECATED_OBJC_IMPLEMENTATIONS = YES;
				CLANG_WARN_EMPTY_BODY = YES;
				CLANG_WARN_ENUM_CONVERSION = YES;
				CLANG_WARN_INFINITE_RECURSION = YES;
				CLANG_WARN_INT_CONVERSION = YES;
				CLANG_WARN_NON_LITERAL_NULL_CONVERSION = YES;
				CLANG_WARN_OBJC_IMPLICIT_RETAIN_SELF = YES;
				CLANG_WARN_OBJC_LITERAL_CONVERSION = YES;
				CLANG_WARN_QUOTED_INCLUDE_IN_FRAMEWORK_HEADER = YES;
				CLANG_WARN_RANGE_LOOP_ANALYSIS = YES;
				CLANG_WARN_STRICT_PROTOTYPES = YES;
				CLANG_WARN_SUSPICIOUS_MOVE = YES;
				CLANG_WARN_UNREACHABLE_CODE = YES;
				CLANG_WARN__DUPLICATE_METHOD_MATCH = YES;
				DEAD_CODE_STRIPPING = YES;
				ENABLE_STRICT_OBJC_MSGSEND = YES;
				ENABLE_TESTABILITY = YES;
				GCC_NO_COMMON_BLOCKS = YES;
				GCC_WARN_64_TO_32_BIT_CONVERSION = YES;
				GCC_WARN_ABOUT_RETURN_TYPE = YES;
				GCC_WARN_UNDECLARED_SELECTOR = YES;
				GCC_WARN_UNINITIALIZED_AUTOS = YES;
				GCC_WARN_UNUSED_FUNCTION = YES;
				GCC_WARN_UNUSED_VARIABLE = YES;
				MACOSX_DEPLOYMENT_TARGET = 10.13;
				ONLY_ACTIVE_ARCH = YES;
				OTHER_CPLUSPLUSFLAGS = (
					"$(OTHER_CFLAGS)",
					"-fcxx-modules",
				);
			};
			name = Debug;
		};
		6A0D4E9A15FC0CFA00ABF4B3 /* Release */ = {
			isa = XCBuildConfiguration;
			buildSettings = {
				CLANG_ANALYZER_LOCALIZABILITY_NONLOCALIZED = YES;
				CLANG_ENABLE_MODULES = YES;
				CLANG_WARN_BLOCK_CAPTURE_AUTORELEASING = YES;
				CLANG_WARN_BOOL_CONVERSION = YES;
				CLANG_WARN_COMMA = YES;
				CLANG_WARN_CONSTANT_CONVERSION = YES;
				CLANG_WARN_DEPRECATED_OBJC_IMPLEMENTATIONS = YES;
				CLANG_WARN_EMPTY_BODY = YES;
				CLANG_WARN_ENUM_CONVERSION = YES;
				CLANG_WARN_INFINITE_RECURSION = YES;
				CLANG_WARN_INT_CONVERSION = YES;
				CLANG_WARN_NON_LITERAL_NULL_CONVERSION = YES;
				CLANG_WARN_OBJC_IMPLICIT_RETAIN_SELF = YES;
				CLANG_WARN_OBJC_LITERAL_CONVERSION = YES;
				CLANG_WARN_QUOTED_INCLUDE_IN_FRAMEWORK_HEADER = YES;
				CLANG_WARN_RANGE_LOOP_ANALYSIS = YES;
				CLANG_WARN_STRICT_PROTOTYPES = YES;
				CLANG_WARN_SUSPICIOUS_MOVE = YES;
				CLANG_WARN_UNREACHABLE_CODE = YES;
				CLANG_WARN__DUPLICATE_METHOD_MATCH = YES;
				DEAD_CODE_STRIPPING = YES;
				ENABLE_STRICT_OBJC_MSGSEND = YES;
				GCC_NO_COMMON_BLOCKS = YES;
				GCC_WARN_64_TO_32_BIT_CONVERSION = YES;
				GCC_WARN_ABOUT_RETURN_TYPE = YES;
				GCC_WARN_UNDECLARED_SELECTOR = YES;
				GCC_WARN_UNINITIALIZED_AUTOS = YES;
				GCC_WARN_UNUSED_FUNCTION = YES;
				GCC_WARN_UNUSED_VARIABLE = YES;
				MACOSX_DEPLOYMENT_TARGET = 10.13;
				OTHER_CPLUSPLUSFLAGS = (
					"$(OTHER_CFLAGS)",
					"-fcxx-modules",
				);
				SWIFT_COMPILATION_MODE = wholemodule;
			};
			name = Release;
		};
		6A0D4EBE15FC0D2E00ABF4B3 /* Debug */ = {
			isa = XCBuildConfiguration;
			buildSettings = {
				ALWAYS_SEARCH_USER_PATHS = NO;
				ASSETCATALOG_COMPILER_APPICON_NAME = AppIcon;
				CLANG_CXX_LANGUAGE_STANDARD = "c++17";
				CLANG_ENABLE_MODULES = YES;
				CLANG_ENABLE_OBJC_ARC = YES;
				CLANG_ENABLE_OBJC_WEAK = YES;
				CLANG_WARN_DEPRECATED_OBJC_IMPLEMENTATIONS = YES;
				CLANG_WARN_IMPLICIT_SIGN_CONVERSION = NO;
				CLANG_WARN_OBJC_IMPLICIT_ATOMIC_PROPERTIES = YES;
				CLANG_WARN_OBJC_MISSING_PROPERTY_SYNTHESIS = YES;
				CLANG_WARN__DUPLICATE_METHOD_MATCH = YES;
				CODE_SIGN_IDENTITY = "-";
				COMBINE_HIDPI_IMAGES = YES;
				COPY_PHASE_STRIP = NO;
				DEAD_CODE_STRIPPING = YES;
				GCC_C_LANGUAGE_STANDARD = gnu99;
				GCC_DYNAMIC_NO_PIC = NO;
				GCC_ENABLE_OBJC_EXCEPTIONS = YES;
				GCC_OPTIMIZATION_LEVEL = 0;
				GCC_PRECOMPILE_PREFIX_HEADER = YES;
				GCC_PREFIX_HEADER = "Source/McBopomofo-Prefix.pch";
				GCC_PREPROCESSOR_DEFINITIONS = (
					"DEBUG=1",
					"$(inherited)",
				);
				GCC_SYMBOLS_PRIVATE_EXTERN = NO;
				GCC_TREAT_WARNINGS_AS_ERRORS = YES;
				GCC_WARN_64_TO_32_BIT_CONVERSION = YES;
				GCC_WARN_ABOUT_MISSING_FIELD_INITIALIZERS = YES;
				GCC_WARN_ABOUT_MISSING_NEWLINE = YES;
				GCC_WARN_ABOUT_MISSING_PROTOTYPES = YES;
				GCC_WARN_ABOUT_RETURN_TYPE = YES;
				GCC_WARN_INITIALIZER_NOT_FULLY_BRACKETED = YES;
				GCC_WARN_PEDANTIC = YES;
				GCC_WARN_SHADOW = YES;
				GCC_WARN_UNDECLARED_SELECTOR = YES;
				GCC_WARN_UNINITIALIZED_AUTOS = YES;
				GCC_WARN_UNKNOWN_PRAGMAS = YES;
				GCC_WARN_UNUSED_FUNCTION = YES;
				GCC_WARN_UNUSED_LABEL = YES;
				GCC_WARN_UNUSED_VARIABLE = YES;
				INFOPLIST_FILE = "Source/McBopomofo-Info.plist";
				LD_RUNPATH_SEARCH_PATHS = (
					"$(inherited)",
					"@executable_path/../Frameworks",
				);
				MACOSX_DEPLOYMENT_TARGET = 10.13;
				ONLY_ACTIVE_ARCH = YES;
				PRODUCT_BUNDLE_IDENTIFIER = org.openvanilla.inputmethod.McBopomofo;
				PRODUCT_NAME = "$(TARGET_NAME)";
				SDKROOT = macosx;
				SWIFT_OBJC_BRIDGING_HEADER = "Source/McBopomofo-Bridging-Header.h";
				SWIFT_OPTIMIZATION_LEVEL = "-Onone";
				SWIFT_VERSION = 5.0;
				WRAPPER_EXTENSION = app;
			};
			name = Debug;
		};
		6A0D4EBF15FC0D2E00ABF4B3 /* Release */ = {
			isa = XCBuildConfiguration;
			buildSettings = {
				ALWAYS_SEARCH_USER_PATHS = NO;
				ASSETCATALOG_COMPILER_APPICON_NAME = AppIcon;
				CLANG_CXX_LANGUAGE_STANDARD = "c++17";
				CLANG_ENABLE_MODULES = YES;
				CLANG_ENABLE_OBJC_ARC = YES;
				CLANG_ENABLE_OBJC_WEAK = YES;
				CLANG_WARN_DEPRECATED_OBJC_IMPLEMENTATIONS = YES;
				CLANG_WARN_IMPLICIT_SIGN_CONVERSION = NO;
				CLANG_WARN_OBJC_IMPLICIT_ATOMIC_PROPERTIES = YES;
				CLANG_WARN_OBJC_MISSING_PROPERTY_SYNTHESIS = YES;
				CLANG_WARN__DUPLICATE_METHOD_MATCH = YES;
				CODE_SIGN_IDENTITY = "-";
				COMBINE_HIDPI_IMAGES = YES;
				COPY_PHASE_STRIP = YES;
				DEAD_CODE_STRIPPING = YES;
				DEBUG_INFORMATION_FORMAT = "dwarf-with-dsym";
				GCC_C_LANGUAGE_STANDARD = gnu99;
				GCC_ENABLE_OBJC_EXCEPTIONS = YES;
				GCC_PRECOMPILE_PREFIX_HEADER = YES;
				GCC_PREFIX_HEADER = "Source/McBopomofo-Prefix.pch";
				GCC_TREAT_WARNINGS_AS_ERRORS = YES;
				GCC_WARN_64_TO_32_BIT_CONVERSION = YES;
				GCC_WARN_ABOUT_MISSING_FIELD_INITIALIZERS = YES;
				GCC_WARN_ABOUT_MISSING_NEWLINE = YES;
				GCC_WARN_ABOUT_MISSING_PROTOTYPES = YES;
				GCC_WARN_ABOUT_RETURN_TYPE = YES;
				GCC_WARN_INITIALIZER_NOT_FULLY_BRACKETED = YES;
				GCC_WARN_PEDANTIC = YES;
				GCC_WARN_SHADOW = YES;
				GCC_WARN_UNDECLARED_SELECTOR = YES;
				GCC_WARN_UNINITIALIZED_AUTOS = YES;
				GCC_WARN_UNKNOWN_PRAGMAS = YES;
				GCC_WARN_UNUSED_FUNCTION = YES;
				GCC_WARN_UNUSED_LABEL = YES;
				GCC_WARN_UNUSED_VARIABLE = YES;
				INFOPLIST_FILE = "Source/McBopomofo-Info.plist";
				LD_RUNPATH_SEARCH_PATHS = (
					"$(inherited)",
					"@executable_path/../Frameworks",
				);
				MACOSX_DEPLOYMENT_TARGET = 10.13;
				PRODUCT_BUNDLE_IDENTIFIER = org.openvanilla.inputmethod.McBopomofo;
				PRODUCT_NAME = "$(TARGET_NAME)";
				SDKROOT = macosx;
				SWIFT_OBJC_BRIDGING_HEADER = "Source/McBopomofo-Bridging-Header.h";
				SWIFT_VERSION = 5.0;
				WRAPPER_EXTENSION = app;
			};
			name = Release;
		};
		6A38BC2315FC12FD00A8A51F /* Debug */ = {
			isa = XCBuildConfiguration;
			buildSettings = {
				ALWAYS_SEARCH_USER_PATHS = NO;
				CLANG_CXX_LANGUAGE_STANDARD = "gnu++0x";
				CLANG_ENABLE_OBJC_WEAK = YES;
				CLANG_WARN__DUPLICATE_METHOD_MATCH = YES;
				COMBINE_HIDPI_IMAGES = YES;
				COPY_PHASE_STRIP = NO;
				DEAD_CODE_STRIPPING = YES;
				DEBUGGING_SYMBOLS = YES;
				GCC_C_LANGUAGE_STANDARD = gnu99;
				GCC_DYNAMIC_NO_PIC = NO;
				GCC_ENABLE_OBJC_EXCEPTIONS = YES;
				GCC_GENERATE_DEBUGGING_SYMBOLS = YES;
				GCC_OPTIMIZATION_LEVEL = 0;
				GCC_PREPROCESSOR_DEFINITIONS = (
					"DEBUG=1",
					"$(inherited)",
				);
				GCC_SYMBOLS_PRIVATE_EXTERN = NO;
				GCC_WARN_64_TO_32_BIT_CONVERSION = YES;
				GCC_WARN_ABOUT_RETURN_TYPE = YES;
				GCC_WARN_UNINITIALIZED_AUTOS = YES;
				GCC_WARN_UNUSED_VARIABLE = YES;
				MACOSX_DEPLOYMENT_TARGET = 10.13;
				ONLY_ACTIVE_ARCH = YES;
				OTHER_CFLAGS = "";
				OTHER_LDFLAGS = "";
				PRODUCT_NAME = "$(TARGET_NAME)";
				SDKROOT = macosx;
			};
			name = Debug;
		};
		6A38BC2415FC12FD00A8A51F /* Release */ = {
			isa = XCBuildConfiguration;
			buildSettings = {
				ALWAYS_SEARCH_USER_PATHS = NO;
				CLANG_CXX_LANGUAGE_STANDARD = "gnu++0x";
				CLANG_ENABLE_OBJC_WEAK = YES;
				CLANG_WARN__DUPLICATE_METHOD_MATCH = YES;
				COMBINE_HIDPI_IMAGES = YES;
				COPY_PHASE_STRIP = YES;
				DEAD_CODE_STRIPPING = YES;
				DEBUG_INFORMATION_FORMAT = "dwarf-with-dsym";
				GCC_C_LANGUAGE_STANDARD = gnu99;
				GCC_ENABLE_OBJC_EXCEPTIONS = YES;
				GCC_WARN_64_TO_32_BIT_CONVERSION = YES;
				GCC_WARN_ABOUT_RETURN_TYPE = YES;
				GCC_WARN_UNINITIALIZED_AUTOS = YES;
				GCC_WARN_UNUSED_VARIABLE = YES;
				MACOSX_DEPLOYMENT_TARGET = 10.13;
				OTHER_CFLAGS = "";
				OTHER_LDFLAGS = "";
				PRODUCT_NAME = "$(TARGET_NAME)";
				SDKROOT = macosx;
			};
			name = Release;
		};
		6ACA41E515FC1D7600935EF6 /* Debug */ = {
			isa = XCBuildConfiguration;
			buildSettings = {
				ALWAYS_SEARCH_USER_PATHS = NO;
				ASSETCATALOG_COMPILER_APPICON_NAME = AppIcon;
				CLANG_CXX_LANGUAGE_STANDARD = "c++17";
				CLANG_ENABLE_MODULES = YES;
				CLANG_ENABLE_OBJC_ARC = YES;
				CLANG_ENABLE_OBJC_WEAK = YES;
				CLANG_WARN__DUPLICATE_METHOD_MATCH = YES;
				CODE_SIGN_IDENTITY = "-";
				COMBINE_HIDPI_IMAGES = YES;
				COPY_PHASE_STRIP = NO;
				DEAD_CODE_STRIPPING = YES;
				GCC_C_LANGUAGE_STANDARD = gnu99;
				GCC_DYNAMIC_NO_PIC = NO;
				GCC_ENABLE_OBJC_EXCEPTIONS = YES;
				GCC_OPTIMIZATION_LEVEL = 0;
				GCC_PRECOMPILE_PREFIX_HEADER = YES;
				GCC_PREFIX_HEADER = "Source/Installer/Installer-Prefix.pch";
				GCC_PREPROCESSOR_DEFINITIONS = (
					"DEBUG=1",
					"$(inherited)",
				);
				GCC_SYMBOLS_PRIVATE_EXTERN = NO;
				GCC_TREAT_WARNINGS_AS_ERRORS = YES;
				GCC_WARN_64_TO_32_BIT_CONVERSION = YES;
				GCC_WARN_ABOUT_RETURN_TYPE = YES;
				GCC_WARN_UNINITIALIZED_AUTOS = YES;
				GCC_WARN_UNUSED_VARIABLE = YES;
				HEADER_SEARCH_PATHS = ../;
				INFOPLIST_FILE = "Source/Installer/Installer-Info.plist";
				LD_RUNPATH_SEARCH_PATHS = (
					"$(inherited)",
					"@executable_path/../Frameworks",
				);
				MACOSX_DEPLOYMENT_TARGET = 10.13;
				ONLY_ACTIVE_ARCH = YES;
				PRODUCT_BUNDLE_IDENTIFIER = "org.openvanilla.McBopomofo.${PRODUCT_NAME:rfc1034identifier}";
				PRODUCT_NAME = "$(TARGET_NAME)";
				SDKROOT = macosx;
				SWIFT_OBJC_BRIDGING_HEADER = "Source/Installer/McBopomofoInstaller-Bridging-Header.h";
				SWIFT_OPTIMIZATION_LEVEL = "-Onone";
				SWIFT_VERSION = 5.0;
				WRAPPER_EXTENSION = app;
			};
			name = Debug;
		};
		6ACA41E615FC1D7600935EF6 /* Release */ = {
			isa = XCBuildConfiguration;
			buildSettings = {
				ALWAYS_SEARCH_USER_PATHS = NO;
				ASSETCATALOG_COMPILER_APPICON_NAME = AppIcon;
				CLANG_CXX_LANGUAGE_STANDARD = "c++17";
				CLANG_ENABLE_MODULES = YES;
				CLANG_ENABLE_OBJC_ARC = YES;
				CLANG_ENABLE_OBJC_WEAK = YES;
				CLANG_WARN__DUPLICATE_METHOD_MATCH = YES;
				CODE_SIGN_IDENTITY = "-";
				COMBINE_HIDPI_IMAGES = YES;
				COPY_PHASE_STRIP = NO;
				DEAD_CODE_STRIPPING = YES;
				DEBUG_INFORMATION_FORMAT = "dwarf-with-dsym";
				GCC_C_LANGUAGE_STANDARD = gnu99;
				GCC_ENABLE_OBJC_EXCEPTIONS = YES;
				GCC_PRECOMPILE_PREFIX_HEADER = YES;
				GCC_PREFIX_HEADER = "Source/Installer/Installer-Prefix.pch";
				GCC_TREAT_WARNINGS_AS_ERRORS = YES;
				GCC_WARN_64_TO_32_BIT_CONVERSION = YES;
				GCC_WARN_ABOUT_RETURN_TYPE = YES;
				GCC_WARN_UNINITIALIZED_AUTOS = YES;
				GCC_WARN_UNUSED_VARIABLE = YES;
				HEADER_SEARCH_PATHS = ../;
				INFOPLIST_FILE = "Source/Installer/Installer-Info.plist";
				LD_RUNPATH_SEARCH_PATHS = (
					"$(inherited)",
					"@executable_path/../Frameworks",
				);
				MACOSX_DEPLOYMENT_TARGET = 10.13;
				PRODUCT_BUNDLE_IDENTIFIER = "org.openvanilla.McBopomofo.${PRODUCT_NAME:rfc1034identifier}";
				PRODUCT_NAME = "$(TARGET_NAME)";
				SDKROOT = macosx;
				SWIFT_OBJC_BRIDGING_HEADER = "Source/Installer/McBopomofoInstaller-Bridging-Header.h";
				SWIFT_VERSION = 5.0;
				WRAPPER_EXTENSION = app;
			};
			name = Release;
		};
		D485D3BC2796A8A000657FF3 /* Debug */ = {
			isa = XCBuildConfiguration;
			buildSettings = {
				ALWAYS_SEARCH_USER_PATHS = NO;
				BUNDLE_LOADER = "$(TEST_HOST)";
				CLANG_ANALYZER_NONNULL = YES;
				CLANG_ANALYZER_NUMBER_OBJECT_CONVERSION = YES_AGGRESSIVE;
				CLANG_CXX_LANGUAGE_STANDARD = "gnu++17";
				CLANG_CXX_LIBRARY = "libc++";
				CLANG_ENABLE_MODULES = YES;
				CLANG_ENABLE_OBJC_ARC = YES;
				CLANG_ENABLE_OBJC_WEAK = YES;
				CLANG_WARN_DIRECT_OBJC_ISA_USAGE = YES_ERROR;
				CLANG_WARN_DOCUMENTATION_COMMENTS = YES;
				CLANG_WARN_OBJC_ROOT_CLASS = YES_ERROR;
				CLANG_WARN_UNGUARDED_AVAILABILITY = YES_AGGRESSIVE;
				CODE_SIGN_STYLE = Automatic;
				COPY_PHASE_STRIP = NO;
				CURRENT_PROJECT_VERSION = 1;
				DEAD_CODE_STRIPPING = YES;
				DEBUG_INFORMATION_FORMAT = dwarf;
				GCC_C_LANGUAGE_STANDARD = gnu11;
				GCC_DYNAMIC_NO_PIC = NO;
				GCC_OPTIMIZATION_LEVEL = 0;
				GCC_PREPROCESSOR_DEFINITIONS = (
					"DEBUG=1",
					"$(inherited)",
				);
				GCC_WARN_ABOUT_RETURN_TYPE = YES_ERROR;
				GCC_WARN_UNINITIALIZED_AUTOS = YES_AGGRESSIVE;
				GENERATE_INFOPLIST_FILE = YES;
				LD_RUNPATH_SEARCH_PATHS = (
					"$(inherited)",
					"@executable_path/../Frameworks",
					"@loader_path/../Frameworks",
				);
				MACOSX_DEPLOYMENT_TARGET = 10.13;
				MARKETING_VERSION = 1.0;
				MTL_ENABLE_DEBUG_INFO = INCLUDE_SOURCE;
				MTL_FAST_MATH = YES;
				PRODUCT_BUNDLE_IDENTIFIER = com.cerence.McBopomofoTests;
				PRODUCT_NAME = "$(TARGET_NAME)";
				SDKROOT = macosx;
				SWIFT_ACTIVE_COMPILATION_CONDITIONS = DEBUG;
				SWIFT_EMIT_LOC_STRINGS = NO;
				SWIFT_OPTIMIZATION_LEVEL = "-Onone";
				SWIFT_VERSION = 5.0;
				TEST_HOST = "$(BUILT_PRODUCTS_DIR)/McBopomofo.app/Contents/MacOS/McBopomofo";
			};
			name = Debug;
		};
		D485D3BD2796A8A000657FF3 /* Release */ = {
			isa = XCBuildConfiguration;
			buildSettings = {
				ALWAYS_SEARCH_USER_PATHS = NO;
				BUNDLE_LOADER = "$(TEST_HOST)";
				CLANG_ANALYZER_NONNULL = YES;
				CLANG_ANALYZER_NUMBER_OBJECT_CONVERSION = YES_AGGRESSIVE;
				CLANG_CXX_LANGUAGE_STANDARD = "gnu++17";
				CLANG_CXX_LIBRARY = "libc++";
				CLANG_ENABLE_MODULES = YES;
				CLANG_ENABLE_OBJC_ARC = YES;
				CLANG_ENABLE_OBJC_WEAK = YES;
				CLANG_WARN_DIRECT_OBJC_ISA_USAGE = YES_ERROR;
				CLANG_WARN_DOCUMENTATION_COMMENTS = YES;
				CLANG_WARN_OBJC_ROOT_CLASS = YES_ERROR;
				CLANG_WARN_UNGUARDED_AVAILABILITY = YES_AGGRESSIVE;
				CODE_SIGN_STYLE = Automatic;
				COPY_PHASE_STRIP = NO;
				CURRENT_PROJECT_VERSION = 1;
				DEAD_CODE_STRIPPING = YES;
				DEBUG_INFORMATION_FORMAT = "dwarf-with-dsym";
				ENABLE_NS_ASSERTIONS = NO;
				GCC_C_LANGUAGE_STANDARD = gnu11;
				GCC_WARN_ABOUT_RETURN_TYPE = YES_ERROR;
				GCC_WARN_UNINITIALIZED_AUTOS = YES_AGGRESSIVE;
				GENERATE_INFOPLIST_FILE = YES;
				LD_RUNPATH_SEARCH_PATHS = (
					"$(inherited)",
					"@executable_path/../Frameworks",
					"@loader_path/../Frameworks",
				);
				MACOSX_DEPLOYMENT_TARGET = 10.13;
				MARKETING_VERSION = 1.0;
				MTL_ENABLE_DEBUG_INFO = NO;
				MTL_FAST_MATH = YES;
				PRODUCT_BUNDLE_IDENTIFIER = com.cerence.McBopomofoTests;
				PRODUCT_NAME = "$(TARGET_NAME)";
				SDKROOT = macosx;
				SWIFT_EMIT_LOC_STRINGS = NO;
				SWIFT_OPTIMIZATION_LEVEL = "-O";
				SWIFT_VERSION = 5.0;
				TEST_HOST = "$(BUILT_PRODUCTS_DIR)/McBopomofo.app/Contents/MacOS/McBopomofo";
			};
			name = Release;
		};
/* End XCBuildConfiguration section */

/* Begin XCConfigurationList section */
		6A0D4E9715FC0CFA00ABF4B3 /* Build configuration list for PBXProject "McBopomofo" */ = {
			isa = XCConfigurationList;
			buildConfigurations = (
				6A0D4E9915FC0CFA00ABF4B3 /* Debug */,
				6A0D4E9A15FC0CFA00ABF4B3 /* Release */,
			);
			defaultConfigurationIsVisible = 0;
			defaultConfigurationName = Release;
		};
		6A0D4EC015FC0D2E00ABF4B3 /* Build configuration list for PBXNativeTarget "McBopomofo" */ = {
			isa = XCConfigurationList;
			buildConfigurations = (
				6A0D4EBE15FC0D2E00ABF4B3 /* Debug */,
				6A0D4EBF15FC0D2E00ABF4B3 /* Release */,
			);
			defaultConfigurationIsVisible = 0;
			defaultConfigurationName = Release;
		};
		6A38BC2215FC12FD00A8A51F /* Build configuration list for PBXLegacyTarget "Data" */ = {
			isa = XCConfigurationList;
			buildConfigurations = (
				6A38BC2315FC12FD00A8A51F /* Debug */,
				6A38BC2415FC12FD00A8A51F /* Release */,
			);
			defaultConfigurationIsVisible = 0;
			defaultConfigurationName = Release;
		};
		6ACA41E415FC1D7600935EF6 /* Build configuration list for PBXNativeTarget "McBopomofoInstaller" */ = {
			isa = XCConfigurationList;
			buildConfigurations = (
				6ACA41E515FC1D7600935EF6 /* Debug */,
				6ACA41E615FC1D7600935EF6 /* Release */,
			);
			defaultConfigurationIsVisible = 0;
			defaultConfigurationName = Release;
		};
		D485D3BE2796A8A000657FF3 /* Build configuration list for PBXNativeTarget "McBopomofoTests" */ = {
			isa = XCConfigurationList;
			buildConfigurations = (
				D485D3BC2796A8A000657FF3 /* Debug */,
				D485D3BD2796A8A000657FF3 /* Release */,
			);
			defaultConfigurationIsVisible = 0;
			defaultConfigurationName = Release;
		};
/* End XCConfigurationList section */

/* Begin XCSwiftPackageProductDependency section */
		D427F769278C9E29004A2160 /* CandidateUI */ = {
			isa = XCSwiftPackageProductDependency;
			productName = CandidateUI;
		};
		D427F7A827905E90004A2160 /* TooltipUI */ = {
			isa = XCSwiftPackageProductDependency;
			productName = TooltipUI;
		};
		D427F7AD27907B8A004A2160 /* NotifierUI */ = {
			isa = XCSwiftPackageProductDependency;
			productName = NotifierUI;
		};
		D427F7B3279086DC004A2160 /* InputSourceHelper */ = {
			isa = XCSwiftPackageProductDependency;
			productName = InputSourceHelper;
		};
		D427F7B5279086F6004A2160 /* InputSourceHelper */ = {
			isa = XCSwiftPackageProductDependency;
			productName = InputSourceHelper;
		};
		D427F7C027908EFC004A2160 /* OpenCCBridge */ = {
			isa = XCSwiftPackageProductDependency;
			productName = OpenCCBridge;
		};
		D44FB7492791B829003C80A6 /* VXHanConvert */ = {
			isa = XCSwiftPackageProductDependency;
			productName = VXHanConvert;
		};
		D47D73C227A7200500255A50 /* FSEventStreamHelper */ = {
			isa = XCSwiftPackageProductDependency;
			productName = FSEventStreamHelper;
		};
		D4C9CAB027AAC9690058DFEA /* NSStringUtils */ = {
			isa = XCSwiftPackageProductDependency;
			productName = NSStringUtils;
		};
/* End XCSwiftPackageProductDependency section */
	};
	rootObject = 6A0D4E9415FC0CFA00ABF4B3 /* Project object */;
}
