// !$*UTF8*$!
{
	archiveVersion = 1;
	classes = {
	};
	objectVersion = 52;
	objects = {

/* Begin PBXBuildFile section */
		6A0421A815FEF3F50061ED63 /* FastLM.cpp in Sources */ = {isa = PBXBuildFile; fileRef = 6A0421A615FEF3F50061ED63 /* FastLM.cpp */; };
		6A0D4EA715FC0D2D00ABF4B3 /* Cocoa.framework in Frameworks */ = {isa = PBXBuildFile; fileRef = 6A0D4EA615FC0D2D00ABF4B3 /* Cocoa.framework */; };
		6A0D4ED215FC0D6400ABF4B3 /* InputMethodController.mm in Sources */ = {isa = PBXBuildFile; fileRef = 6A0D4EC715FC0D6400ABF4B3 /* InputMethodController.mm */; };
		6A0D4ED315FC0D6400ABF4B3 /* main.m in Sources */ = {isa = PBXBuildFile; fileRef = 6A0D4EC815FC0D6400ABF4B3 /* main.m */; };
		6A0D4F0815FC0DA600ABF4B3 /* Bopomofo.tiff in Resources */ = {isa = PBXBuildFile; fileRef = 6A0D4EEF15FC0DA600ABF4B3 /* Bopomofo.tiff */; };
		6A0D4F0915FC0DA600ABF4B3 /* Bopomofo@2x.tiff in Resources */ = {isa = PBXBuildFile; fileRef = 6A0D4EF015FC0DA600ABF4B3 /* Bopomofo@2x.tiff */; };
		6A0D4F4515FC0EB100ABF4B3 /* Mandarin.cpp in Sources */ = {isa = PBXBuildFile; fileRef = 6A0D4F2015FC0EB100ABF4B3 /* Mandarin.cpp */; };
		6A0D4F5315FC0EE100ABF4B3 /* preferences.xib in Resources */ = {isa = PBXBuildFile; fileRef = 6A0D4F4E15FC0EE100ABF4B3 /* preferences.xib */; };
		6A0D4F5715FC0EF900ABF4B3 /* InfoPlist.strings in Resources */ = {isa = PBXBuildFile; fileRef = 6A0D4F4815FC0EE100ABF4B3 /* InfoPlist.strings */; };
		6A0D4F5815FC0EF900ABF4B3 /* Localizable.strings in Resources */ = {isa = PBXBuildFile; fileRef = 6A0D4F4A15FC0EE100ABF4B3 /* Localizable.strings */; };
		6A187E2616004C5900466B2E /* MainMenu.xib in Resources */ = {isa = PBXBuildFile; fileRef = 6A187E2816004C5900466B2E /* MainMenu.xib */; };
		6A225A1F23679F2600F685C6 /* NotarizedArchives in Resources */ = {isa = PBXBuildFile; fileRef = 6A225A1E23679F2600F685C6 /* NotarizedArchives */; };
		6A225A232367A1D700F685C6 /* ArchiveUtil.m in Sources */ = {isa = PBXBuildFile; fileRef = 6A225A222367A1D700F685C6 /* ArchiveUtil.m */; };
		6A2E40F6253A69DA00D1AE1D /* Images.xcassets in Resources */ = {isa = PBXBuildFile; fileRef = 6A2E40F5253A69DA00D1AE1D /* Images.xcassets */; };
		6A2E40F9253A6AA000D1AE1D /* Images.xcassets in Resources */ = {isa = PBXBuildFile; fileRef = 6A2E40F5253A69DA00D1AE1D /* Images.xcassets */; };
		6A38BC1515FC117A00A8A51F /* data.txt in Resources */ = {isa = PBXBuildFile; fileRef = 6A38BBF615FC117A00A8A51F /* data.txt */; };
		6A38BC2815FC158A00A8A51F /* InputMethodKit.framework in Frameworks */ = {isa = PBXBuildFile; fileRef = 6A38BC2715FC158A00A8A51F /* InputMethodKit.framework */; };
		6ACA41CD15FC1D7500935EF6 /* Cocoa.framework in Frameworks */ = {isa = PBXBuildFile; fileRef = 6A0D4EA615FC0D2D00ABF4B3 /* Cocoa.framework */; };
		6ACA41F915FC1D9000935EF6 /* AppDelegate.m in Sources */ = {isa = PBXBuildFile; fileRef = 6ACA41E915FC1D9000935EF6 /* AppDelegate.m */; };
		6ACA41FA15FC1D9000935EF6 /* InfoPlist.strings in Resources */ = {isa = PBXBuildFile; fileRef = 6ACA41EA15FC1D9000935EF6 /* InfoPlist.strings */; };
		6ACA41FB15FC1D9000935EF6 /* License.rtf in Resources */ = {isa = PBXBuildFile; fileRef = 6ACA41EC15FC1D9000935EF6 /* License.rtf */; };
		6ACA41FC15FC1D9000935EF6 /* Localizable.strings in Resources */ = {isa = PBXBuildFile; fileRef = 6ACA41EE15FC1D9000935EF6 /* Localizable.strings */; };
		6ACA41FD15FC1D9000935EF6 /* MainMenu.xib in Resources */ = {isa = PBXBuildFile; fileRef = 6ACA41F015FC1D9000935EF6 /* MainMenu.xib */; };
		6ACA41FF15FC1D9000935EF6 /* main.m in Sources */ = {isa = PBXBuildFile; fileRef = 6ACA41F415FC1D9000935EF6 /* main.m */; };
		6ACA420215FC1E5200935EF6 /* McBopomofo.app in Resources */ = {isa = PBXBuildFile; fileRef = 6A0D4EA215FC0D2D00ABF4B3 /* McBopomofo.app */; };
		6ACC3D3F27914F2400F1B140 /* KeyValueBlobReader.cpp in Sources */ = {isa = PBXBuildFile; fileRef = 6ACC3D3E27914F2400F1B140 /* KeyValueBlobReader.cpp */; };
		6AD7CBC815FE555000691B5B /* data-plain-bpmf.txt in Resources */ = {isa = PBXBuildFile; fileRef = 6AD7CBC715FE555000691B5B /* data-plain-bpmf.txt */; };
		6AE210B215FC63CC003659FE /* PlainBopomofo.tiff in Resources */ = {isa = PBXBuildFile; fileRef = 6AE210B015FC63CC003659FE /* PlainBopomofo.tiff */; };
		6AE210B315FC63CC003659FE /* PlainBopomofo@2x.tiff in Resources */ = {isa = PBXBuildFile; fileRef = 6AE210B115FC63CC003659FE /* PlainBopomofo@2x.tiff */; };
		6AFF97F2253B299E007F1C49 /* NonModalAlertWindowController.xib in Resources */ = {isa = PBXBuildFile; fileRef = 6AFF97F0253B299E007F1C49 /* NonModalAlertWindowController.xib */; };
		D41355D8278D74B5005E5CBD /* LanguageModelManager.mm in Sources */ = {isa = PBXBuildFile; fileRef = D41355D7278D7409005E5CBD /* LanguageModelManager.mm */; };
		D41355DB278E6D17005E5CBD /* McBopomofoLM.cpp in Sources */ = {isa = PBXBuildFile; fileRef = D41355D9278E6D17005E5CBD /* McBopomofoLM.cpp */; };
		D41355DE278EA3ED005E5CBD /* UserPhrasesLM.cpp in Sources */ = {isa = PBXBuildFile; fileRef = D41355DC278EA3ED005E5CBD /* UserPhrasesLM.cpp */; };
		D427A9C125ED28CC005D43E0 /* OpenCCBridge.swift in Sources */ = {isa = PBXBuildFile; fileRef = D427A9C025ED28CC005D43E0 /* OpenCCBridge.swift */; };
		D427F76A278C9E29004A2160 /* CandidateUI in Frameworks */ = {isa = PBXBuildFile; productRef = D427F769278C9E29004A2160 /* CandidateUI */; };
		D427F76C278CA2B0004A2160 /* AppDelegate.swift in Sources */ = {isa = PBXBuildFile; fileRef = D427F76B278CA1BA004A2160 /* AppDelegate.swift */; };
		D47F7DCE278BFB57002F9DD7 /* PreferencesWindowController.swift in Sources */ = {isa = PBXBuildFile; fileRef = D47F7DCD278BFB57002F9DD7 /* PreferencesWindowController.swift */; };
		D47F7DD0278C0897002F9DD7 /* NonModalAlertWindowController.swift in Sources */ = {isa = PBXBuildFile; fileRef = D47F7DCF278C0897002F9DD7 /* NonModalAlertWindowController.swift */; };
		D47F7DD3278C1263002F9DD7 /* UserOverrideModel.cpp in Sources */ = {isa = PBXBuildFile; fileRef = D47F7DD2278C1263002F9DD7 /* UserOverrideModel.cpp */; };
		D47F7DD5278C25A0002F9DD7 /* InputSourceHelper.swift in Sources */ = {isa = PBXBuildFile; fileRef = D47F7DD4278C25A0002F9DD7 /* InputSourceHelper.swift */; };
		D47F7DD6278C3075002F9DD7 /* InputSourceHelper.swift in Sources */ = {isa = PBXBuildFile; fileRef = D47F7DD4278C25A0002F9DD7 /* InputSourceHelper.swift */; };
		D48550A325EBE689006A204C /* OpenCC in Frameworks */ = {isa = PBXBuildFile; productRef = D48550A225EBE689006A204C /* OpenCC */; };
/* End PBXBuildFile section */

/* Begin PBXContainerItemProxy section */
		6A38BC2515FC131100A8A51F /* PBXContainerItemProxy */ = {
			isa = PBXContainerItemProxy;
			containerPortal = 6A0D4E9415FC0CFA00ABF4B3 /* Project object */;
			proxyType = 1;
			remoteGlobalIDString = 6A38BC2115FC12FD00A8A51F;
			remoteInfo = Data;
		};
		6ACA420015FC1DCC00935EF6 /* PBXContainerItemProxy */ = {
			isa = PBXContainerItemProxy;
			containerPortal = 6A0D4E9415FC0CFA00ABF4B3 /* Project object */;
			proxyType = 1;
			remoteGlobalIDString = 6A0D4EA115FC0D2D00ABF4B3;
			remoteInfo = McBopomofo;
		};
/* End PBXContainerItemProxy section */

/* Begin PBXFileReference section */
		6A0421A615FEF3F50061ED63 /* FastLM.cpp */ = {isa = PBXFileReference; fileEncoding = 4; lastKnownFileType = sourcecode.cpp.cpp; path = FastLM.cpp; sourceTree = "<group>"; };
		6A0421A715FEF3F50061ED63 /* FastLM.h */ = {isa = PBXFileReference; fileEncoding = 4; lastKnownFileType = sourcecode.c.h; path = FastLM.h; sourceTree = "<group>"; };
		6A0D4EA215FC0D2D00ABF4B3 /* McBopomofo.app */ = {isa = PBXFileReference; explicitFileType = wrapper.application; includeInIndex = 0; path = McBopomofo.app; sourceTree = BUILT_PRODUCTS_DIR; };
		6A0D4EA615FC0D2D00ABF4B3 /* Cocoa.framework */ = {isa = PBXFileReference; lastKnownFileType = wrapper.framework; name = Cocoa.framework; path = System/Library/Frameworks/Cocoa.framework; sourceTree = SDKROOT; };
		6A0D4EA915FC0D2D00ABF4B3 /* AppKit.framework */ = {isa = PBXFileReference; lastKnownFileType = wrapper.framework; name = AppKit.framework; path = System/Library/Frameworks/AppKit.framework; sourceTree = SDKROOT; };
		6A0D4EAB15FC0D2D00ABF4B3 /* Foundation.framework */ = {isa = PBXFileReference; lastKnownFileType = wrapper.framework; name = Foundation.framework; path = System/Library/Frameworks/Foundation.framework; sourceTree = SDKROOT; };
		6A0D4EC615FC0D6400ABF4B3 /* InputMethodController.h */ = {isa = PBXFileReference; fileEncoding = 4; lastKnownFileType = sourcecode.c.h; path = InputMethodController.h; sourceTree = "<group>"; };
		6A0D4EC715FC0D6400ABF4B3 /* InputMethodController.mm */ = {isa = PBXFileReference; fileEncoding = 4; lastKnownFileType = sourcecode.cpp.objcpp; path = InputMethodController.mm; sourceTree = "<group>"; };
		6A0D4EC815FC0D6400ABF4B3 /* main.m */ = {isa = PBXFileReference; fileEncoding = 4; lastKnownFileType = sourcecode.c.objc; path = main.m; sourceTree = "<group>"; };
		6A0D4EEF15FC0DA600ABF4B3 /* Bopomofo.tiff */ = {isa = PBXFileReference; lastKnownFileType = image.tiff; path = Bopomofo.tiff; sourceTree = "<group>"; };
		6A0D4EF015FC0DA600ABF4B3 /* Bopomofo@2x.tiff */ = {isa = PBXFileReference; lastKnownFileType = image.tiff; path = "Bopomofo@2x.tiff"; sourceTree = "<group>"; };
		6A0D4EF515FC0DA600ABF4B3 /* McBopomofo-Info.plist */ = {isa = PBXFileReference; fileEncoding = 4; lastKnownFileType = text.plist.xml; path = "McBopomofo-Info.plist"; sourceTree = "<group>"; };
		6A0D4EF615FC0DA600ABF4B3 /* McBopomofo-Prefix.pch */ = {isa = PBXFileReference; fileEncoding = 4; lastKnownFileType = sourcecode.c.h; path = "McBopomofo-Prefix.pch"; sourceTree = "<group>"; };
		6A0D4F1415FC0EB100ABF4B3 /* Bigram.h */ = {isa = PBXFileReference; fileEncoding = 4; lastKnownFileType = sourcecode.c.h; path = Bigram.h; sourceTree = "<group>"; };
		6A0D4F1515FC0EB100ABF4B3 /* BlockReadingBuilder.h */ = {isa = PBXFileReference; fileEncoding = 4; lastKnownFileType = sourcecode.c.h; path = BlockReadingBuilder.h; sourceTree = "<group>"; };
		6A0D4F1615FC0EB100ABF4B3 /* Gramambular.h */ = {isa = PBXFileReference; fileEncoding = 4; lastKnownFileType = sourcecode.c.h; path = Gramambular.h; sourceTree = "<group>"; };
		6A0D4F1715FC0EB100ABF4B3 /* Grid.h */ = {isa = PBXFileReference; fileEncoding = 4; lastKnownFileType = sourcecode.c.h; path = Grid.h; sourceTree = "<group>"; };
		6A0D4F1815FC0EB100ABF4B3 /* KeyValuePair.h */ = {isa = PBXFileReference; fileEncoding = 4; lastKnownFileType = sourcecode.c.h; path = KeyValuePair.h; sourceTree = "<group>"; };
		6A0D4F1915FC0EB100ABF4B3 /* LanguageModel.h */ = {isa = PBXFileReference; fileEncoding = 4; lastKnownFileType = sourcecode.c.h; path = LanguageModel.h; sourceTree = "<group>"; };
		6A0D4F1A15FC0EB100ABF4B3 /* Node.h */ = {isa = PBXFileReference; fileEncoding = 4; lastKnownFileType = sourcecode.c.h; path = Node.h; sourceTree = "<group>"; };
		6A0D4F1B15FC0EB100ABF4B3 /* NodeAnchor.h */ = {isa = PBXFileReference; fileEncoding = 4; lastKnownFileType = sourcecode.c.h; path = NodeAnchor.h; sourceTree = "<group>"; };
		6A0D4F1C15FC0EB100ABF4B3 /* Span.h */ = {isa = PBXFileReference; fileEncoding = 4; lastKnownFileType = sourcecode.c.h; path = Span.h; sourceTree = "<group>"; };
		6A0D4F1D15FC0EB100ABF4B3 /* Unigram.h */ = {isa = PBXFileReference; fileEncoding = 4; lastKnownFileType = sourcecode.c.h; path = Unigram.h; sourceTree = "<group>"; };
		6A0D4F1E15FC0EB100ABF4B3 /* Walker.h */ = {isa = PBXFileReference; fileEncoding = 4; lastKnownFileType = sourcecode.c.h; path = Walker.h; sourceTree = "<group>"; };
		6A0D4F2015FC0EB100ABF4B3 /* Mandarin.cpp */ = {isa = PBXFileReference; fileEncoding = 4; lastKnownFileType = sourcecode.cpp.cpp; path = Mandarin.cpp; sourceTree = "<group>"; };
		6A0D4F2115FC0EB100ABF4B3 /* Mandarin.h */ = {isa = PBXFileReference; fileEncoding = 4; lastKnownFileType = sourcecode.c.h; path = Mandarin.h; sourceTree = "<group>"; };
		6A0D4F2315FC0EB100ABF4B3 /* OpenVanilla.h */ = {isa = PBXFileReference; fileEncoding = 4; lastKnownFileType = sourcecode.c.h; path = OpenVanilla.h; sourceTree = "<group>"; };
		6A0D4F2415FC0EB100ABF4B3 /* OVAroundFilter.h */ = {isa = PBXFileReference; fileEncoding = 4; lastKnownFileType = sourcecode.c.h; path = OVAroundFilter.h; sourceTree = "<group>"; };
		6A0D4F2515FC0EB100ABF4B3 /* OVBase.h */ = {isa = PBXFileReference; fileEncoding = 4; lastKnownFileType = sourcecode.c.h; path = OVBase.h; sourceTree = "<group>"; };
		6A0D4F2615FC0EB100ABF4B3 /* OVBenchmark.h */ = {isa = PBXFileReference; fileEncoding = 4; lastKnownFileType = sourcecode.c.h; path = OVBenchmark.h; sourceTree = "<group>"; };
		6A0D4F2715FC0EB100ABF4B3 /* OVCandidateService.h */ = {isa = PBXFileReference; fileEncoding = 4; lastKnownFileType = sourcecode.c.h; path = OVCandidateService.h; sourceTree = "<group>"; };
		6A0D4F2815FC0EB100ABF4B3 /* OVCINDatabaseService.h */ = {isa = PBXFileReference; fileEncoding = 4; lastKnownFileType = sourcecode.c.h; path = OVCINDatabaseService.h; sourceTree = "<group>"; };
		6A0D4F2915FC0EB100ABF4B3 /* OVCINDataTable.h */ = {isa = PBXFileReference; fileEncoding = 4; lastKnownFileType = sourcecode.c.h; path = OVCINDataTable.h; sourceTree = "<group>"; };
		6A0D4F2A15FC0EB100ABF4B3 /* OVCINToSQLiteConvertor.h */ = {isa = PBXFileReference; fileEncoding = 4; lastKnownFileType = sourcecode.c.h; path = OVCINToSQLiteConvertor.h; sourceTree = "<group>"; };
		6A0D4F2B15FC0EB100ABF4B3 /* OVDatabaseService.h */ = {isa = PBXFileReference; fileEncoding = 4; lastKnownFileType = sourcecode.c.h; path = OVDatabaseService.h; sourceTree = "<group>"; };
		6A0D4F2C15FC0EB100ABF4B3 /* OVDateTimeHelper.h */ = {isa = PBXFileReference; fileEncoding = 4; lastKnownFileType = sourcecode.c.h; path = OVDateTimeHelper.h; sourceTree = "<group>"; };
		6A0D4F2D15FC0EB100ABF4B3 /* OVEncodingService.h */ = {isa = PBXFileReference; fileEncoding = 4; lastKnownFileType = sourcecode.c.h; path = OVEncodingService.h; sourceTree = "<group>"; };
		6A0D4F2E15FC0EB100ABF4B3 /* OVEventHandlingContext.h */ = {isa = PBXFileReference; fileEncoding = 4; lastKnownFileType = sourcecode.c.h; path = OVEventHandlingContext.h; sourceTree = "<group>"; };
		6A0D4F2F15FC0EB100ABF4B3 /* OVException.h */ = {isa = PBXFileReference; fileEncoding = 4; lastKnownFileType = sourcecode.c.h; path = OVException.h; sourceTree = "<group>"; };
		6A0D4F3015FC0EB100ABF4B3 /* OVFileHelper.h */ = {isa = PBXFileReference; fileEncoding = 4; lastKnownFileType = sourcecode.c.h; path = OVFileHelper.h; sourceTree = "<group>"; };
		6A0D4F3115FC0EB100ABF4B3 /* OVFrameworkInfo.h */ = {isa = PBXFileReference; fileEncoding = 4; lastKnownFileType = sourcecode.c.h; path = OVFrameworkInfo.h; sourceTree = "<group>"; };
		6A0D4F3215FC0EB100ABF4B3 /* OVInputMethod.h */ = {isa = PBXFileReference; fileEncoding = 4; lastKnownFileType = sourcecode.c.h; path = OVInputMethod.h; sourceTree = "<group>"; };
		6A0D4F3315FC0EB100ABF4B3 /* OVKey.h */ = {isa = PBXFileReference; fileEncoding = 4; lastKnownFileType = sourcecode.c.h; path = OVKey.h; sourceTree = "<group>"; };
		6A0D4F3415FC0EB100ABF4B3 /* OVKeyPreprocessor.h */ = {isa = PBXFileReference; fileEncoding = 4; lastKnownFileType = sourcecode.c.h; path = OVKeyPreprocessor.h; sourceTree = "<group>"; };
		6A0D4F3515FC0EB100ABF4B3 /* OVKeyValueMap.h */ = {isa = PBXFileReference; fileEncoding = 4; lastKnownFileType = sourcecode.c.h; path = OVKeyValueMap.h; sourceTree = "<group>"; };
		6A0D4F3615FC0EB100ABF4B3 /* OVLoaderBase.h */ = {isa = PBXFileReference; fileEncoding = 4; lastKnownFileType = sourcecode.c.h; path = OVLoaderBase.h; sourceTree = "<group>"; };
		6A0D4F3715FC0EB100ABF4B3 /* OVLoaderService.h */ = {isa = PBXFileReference; fileEncoding = 4; lastKnownFileType = sourcecode.c.h; path = OVLoaderService.h; sourceTree = "<group>"; };
		6A0D4F3815FC0EB100ABF4B3 /* OVLocalization.h */ = {isa = PBXFileReference; fileEncoding = 4; lastKnownFileType = sourcecode.c.h; path = OVLocalization.h; sourceTree = "<group>"; };
		6A0D4F3915FC0EB100ABF4B3 /* OVModule.h */ = {isa = PBXFileReference; fileEncoding = 4; lastKnownFileType = sourcecode.c.h; path = OVModule.h; sourceTree = "<group>"; };
		6A0D4F3A15FC0EB100ABF4B3 /* OVModulePackage.h */ = {isa = PBXFileReference; fileEncoding = 4; lastKnownFileType = sourcecode.c.h; path = OVModulePackage.h; sourceTree = "<group>"; };
		6A0D4F3B15FC0EB100ABF4B3 /* OVOutputFilter.h */ = {isa = PBXFileReference; fileEncoding = 4; lastKnownFileType = sourcecode.c.h; path = OVOutputFilter.h; sourceTree = "<group>"; };
		6A0D4F3C15FC0EB100ABF4B3 /* OVPathInfo.h */ = {isa = PBXFileReference; fileEncoding = 4; lastKnownFileType = sourcecode.c.h; path = OVPathInfo.h; sourceTree = "<group>"; };
		6A0D4F3D15FC0EB100ABF4B3 /* OVSQLiteDatabaseService.h */ = {isa = PBXFileReference; fileEncoding = 4; lastKnownFileType = sourcecode.c.h; path = OVSQLiteDatabaseService.h; sourceTree = "<group>"; };
		6A0D4F3E15FC0EB100ABF4B3 /* OVSQLiteWrapper.h */ = {isa = PBXFileReference; fileEncoding = 4; lastKnownFileType = sourcecode.c.h; path = OVSQLiteWrapper.h; sourceTree = "<group>"; };
		6A0D4F3F15FC0EB100ABF4B3 /* OVStringHelper.h */ = {isa = PBXFileReference; fileEncoding = 4; lastKnownFileType = sourcecode.c.h; path = OVStringHelper.h; sourceTree = "<group>"; };
		6A0D4F4015FC0EB100ABF4B3 /* OVTextBuffer.h */ = {isa = PBXFileReference; fileEncoding = 4; lastKnownFileType = sourcecode.c.h; path = OVTextBuffer.h; sourceTree = "<group>"; };
		6A0D4F4115FC0EB100ABF4B3 /* OVUTF8Helper.h */ = {isa = PBXFileReference; fileEncoding = 4; lastKnownFileType = sourcecode.c.h; path = OVUTF8Helper.h; sourceTree = "<group>"; };
		6A0D4F4215FC0EB100ABF4B3 /* OVWildcard.h */ = {isa = PBXFileReference; fileEncoding = 4; lastKnownFileType = sourcecode.c.h; path = OVWildcard.h; sourceTree = "<group>"; };
		6A0D4F4915FC0EE100ABF4B3 /* en */ = {isa = PBXFileReference; lastKnownFileType = text.plist.strings; name = en; path = Source/en.lproj/InfoPlist.strings; sourceTree = "<group>"; };
		6A0D4F4B15FC0EE100ABF4B3 /* en */ = {isa = PBXFileReference; lastKnownFileType = text.plist.strings; name = en; path = Source/en.lproj/Localizable.strings; sourceTree = "<group>"; };
		6A0D4F5415FC0EF900ABF4B3 /* zh-Hant */ = {isa = PBXFileReference; lastKnownFileType = text.plist.strings; name = "zh-Hant"; path = "Source/zh-Hant.lproj/InfoPlist.strings"; sourceTree = "<group>"; };
		6A0D4F5515FC0EF900ABF4B3 /* zh-Hant */ = {isa = PBXFileReference; lastKnownFileType = text.plist.strings; name = "zh-Hant"; path = "Source/zh-Hant.lproj/Localizable.strings"; sourceTree = "<group>"; };
		6A0D4F5615FC0EF900ABF4B3 /* zh-Hant */ = {isa = PBXFileReference; lastKnownFileType = file.xib; name = "zh-Hant"; path = "Source/zh-Hant.lproj/preferences.xib"; sourceTree = "<group>"; };
		6A15B32421A51F2300B92CD3 /* Base */ = {isa = PBXFileReference; lastKnownFileType = file.xib; name = Base; path = Base.lproj/MainMenu.xib; sourceTree = "<group>"; };
		6A15B32521A51F2300B92CD3 /* Base */ = {isa = PBXFileReference; lastKnownFileType = file.xib; name = Base; path = Base.lproj/MainMenu.xib; sourceTree = "<group>"; };
		6A15B32721A51F2300B92CD3 /* Base */ = {isa = PBXFileReference; lastKnownFileType = file.xib; name = Base; path = Source/Base.lproj/preferences.xib; sourceTree = "<group>"; };
		6A187E2916004C7300466B2E /* zh-Hant */ = {isa = PBXFileReference; lastKnownFileType = file.xib; name = "zh-Hant"; path = "zh-Hant.lproj/MainMenu.xib"; sourceTree = "<group>"; };
		6A225A1E23679F2600F685C6 /* NotarizedArchives */ = {isa = PBXFileReference; lastKnownFileType = folder; path = NotarizedArchives; sourceTree = "<group>"; };
		6A225A212367A1D700F685C6 /* ArchiveUtil.h */ = {isa = PBXFileReference; fileEncoding = 4; lastKnownFileType = sourcecode.c.h; path = ArchiveUtil.h; sourceTree = "<group>"; };
		6A225A222367A1D700F685C6 /* ArchiveUtil.m */ = {isa = PBXFileReference; fileEncoding = 4; lastKnownFileType = sourcecode.c.objc; path = ArchiveUtil.m; sourceTree = "<group>"; };
		6A2E40F5253A69DA00D1AE1D /* Images.xcassets */ = {isa = PBXFileReference; lastKnownFileType = folder.assetcatalog; path = Images.xcassets; sourceTree = "<group>"; };
		6A38BBF615FC117A00A8A51F /* data.txt */ = {isa = PBXFileReference; fileEncoding = 4; lastKnownFileType = text; path = data.txt; sourceTree = "<group>"; };
		6A38BC2715FC158A00A8A51F /* InputMethodKit.framework */ = {isa = PBXFileReference; lastKnownFileType = wrapper.framework; name = InputMethodKit.framework; path = Platforms/MacOSX.platform/Developer/SDKs/MacOSX10.8.sdk/System/Library/Frameworks/InputMethodKit.framework; sourceTree = DEVELOPER_DIR; };
		6ACA41CB15FC1D7500935EF6 /* McBopomofoInstaller.app */ = {isa = PBXFileReference; explicitFileType = wrapper.application; includeInIndex = 0; path = McBopomofoInstaller.app; sourceTree = BUILT_PRODUCTS_DIR; };
		6ACA41E815FC1D9000935EF6 /* AppDelegate.h */ = {isa = PBXFileReference; fileEncoding = 4; lastKnownFileType = sourcecode.c.h; name = AppDelegate.h; path = Source/Installer/AppDelegate.h; sourceTree = SOURCE_ROOT; };
		6ACA41E915FC1D9000935EF6 /* AppDelegate.m */ = {isa = PBXFileReference; fileEncoding = 4; lastKnownFileType = sourcecode.c.objc; name = AppDelegate.m; path = Source/Installer/AppDelegate.m; sourceTree = SOURCE_ROOT; };
		6ACA41EB15FC1D9000935EF6 /* en */ = {isa = PBXFileReference; lastKnownFileType = text.plist.strings; name = en; path = en.lproj/InfoPlist.strings; sourceTree = "<group>"; };
		6ACA41ED15FC1D9000935EF6 /* en */ = {isa = PBXFileReference; lastKnownFileType = text.rtf; name = en; path = en.lproj/License.rtf; sourceTree = "<group>"; };
		6ACA41EF15FC1D9000935EF6 /* en */ = {isa = PBXFileReference; lastKnownFileType = text.plist.strings; name = en; path = en.lproj/Localizable.strings; sourceTree = "<group>"; };
		6ACA41F215FC1D9000935EF6 /* Installer-Info.plist */ = {isa = PBXFileReference; fileEncoding = 4; lastKnownFileType = text.plist.xml; name = "Installer-Info.plist"; path = "Source/Installer/Installer-Info.plist"; sourceTree = SOURCE_ROOT; };
		6ACA41F315FC1D9000935EF6 /* Installer-Prefix.pch */ = {isa = PBXFileReference; fileEncoding = 4; lastKnownFileType = sourcecode.c.h; name = "Installer-Prefix.pch"; path = "Source/Installer/Installer-Prefix.pch"; sourceTree = SOURCE_ROOT; };
		6ACA41F415FC1D9000935EF6 /* main.m */ = {isa = PBXFileReference; fileEncoding = 4; lastKnownFileType = sourcecode.c.objc; name = main.m; path = Source/Installer/main.m; sourceTree = SOURCE_ROOT; };
		6ACA41F515FC1D9000935EF6 /* zh-Hant */ = {isa = PBXFileReference; lastKnownFileType = text.plist.strings; name = "zh-Hant"; path = "zh-Hant.lproj/InfoPlist.strings"; sourceTree = "<group>"; };
		6ACA41F615FC1D9000935EF6 /* zh-Hant */ = {isa = PBXFileReference; lastKnownFileType = text.rtf; name = "zh-Hant"; path = "zh-Hant.lproj/License.rtf"; sourceTree = "<group>"; };
		6ACA41F715FC1D9000935EF6 /* zh-Hant */ = {isa = PBXFileReference; lastKnownFileType = text.plist.strings; name = "zh-Hant"; path = "zh-Hant.lproj/Localizable.strings"; sourceTree = "<group>"; };
		6ACA41F815FC1D9000935EF6 /* zh-Hant */ = {isa = PBXFileReference; lastKnownFileType = file.xib; name = "zh-Hant"; path = "zh-Hant.lproj/MainMenu.xib"; sourceTree = "<group>"; };
		6ACC3D3C27914AAB00F1B140 /* KeyValueBlobReader.h */ = {isa = PBXFileReference; fileEncoding = 4; lastKnownFileType = sourcecode.c.h; path = KeyValueBlobReader.h; sourceTree = "<group>"; };
		6ACC3D3E27914F2400F1B140 /* KeyValueBlobReader.cpp */ = {isa = PBXFileReference; fileEncoding = 4; lastKnownFileType = sourcecode.cpp.cpp; path = KeyValueBlobReader.cpp; sourceTree = "<group>"; };
		6AD7CBC715FE555000691B5B /* data-plain-bpmf.txt */ = {isa = PBXFileReference; fileEncoding = 4; lastKnownFileType = text; path = "data-plain-bpmf.txt"; sourceTree = "<group>"; };
		6AE210B015FC63CC003659FE /* PlainBopomofo.tiff */ = {isa = PBXFileReference; lastKnownFileType = image.tiff; path = PlainBopomofo.tiff; sourceTree = "<group>"; };
		6AE210B115FC63CC003659FE /* PlainBopomofo@2x.tiff */ = {isa = PBXFileReference; lastKnownFileType = image.tiff; path = "PlainBopomofo@2x.tiff"; sourceTree = "<group>"; };
		6AFF97F0253B299E007F1C49 /* NonModalAlertWindowController.xib */ = {isa = PBXFileReference; fileEncoding = 4; lastKnownFileType = file.xib; path = NonModalAlertWindowController.xib; sourceTree = "<group>"; };
		D41355D6278D7409005E5CBD /* LanguageModelManager.h */ = {isa = PBXFileReference; lastKnownFileType = sourcecode.c.h; path = LanguageModelManager.h; sourceTree = "<group>"; };
		D41355D7278D7409005E5CBD /* LanguageModelManager.mm */ = {isa = PBXFileReference; lastKnownFileType = sourcecode.cpp.objcpp; path = LanguageModelManager.mm; sourceTree = "<group>"; };
		D41355D9278E6D17005E5CBD /* McBopomofoLM.cpp */ = {isa = PBXFileReference; lastKnownFileType = sourcecode.cpp.cpp; path = McBopomofoLM.cpp; sourceTree = "<group>"; };
		D41355DA278E6D17005E5CBD /* McBopomofoLM.h */ = {isa = PBXFileReference; lastKnownFileType = sourcecode.c.h; path = McBopomofoLM.h; sourceTree = "<group>"; };
		D41355DC278EA3ED005E5CBD /* UserPhrasesLM.cpp */ = {isa = PBXFileReference; lastKnownFileType = sourcecode.cpp.cpp; path = UserPhrasesLM.cpp; sourceTree = "<group>"; };
		D41355DD278EA3ED005E5CBD /* UserPhrasesLM.h */ = {isa = PBXFileReference; lastKnownFileType = sourcecode.c.h; path = UserPhrasesLM.h; sourceTree = "<group>"; };
		D427A9BF25ED28CC005D43E0 /* McBopomofo-Bridging-Header.h */ = {isa = PBXFileReference; lastKnownFileType = sourcecode.c.h; path = "McBopomofo-Bridging-Header.h"; sourceTree = "<group>"; };
		D427A9C025ED28CC005D43E0 /* OpenCCBridge.swift */ = {isa = PBXFileReference; lastKnownFileType = sourcecode.swift; path = OpenCCBridge.swift; sourceTree = "<group>"; };
		D427F768278C9D0D004A2160 /* CandidateUI */ = {isa = PBXFileReference; lastKnownFileType = wrapper; name = CandidateUI; path = Packages/CandidateUI; sourceTree = "<group>"; };
		D427F76B278CA1BA004A2160 /* AppDelegate.swift */ = {isa = PBXFileReference; lastKnownFileType = sourcecode.swift; path = AppDelegate.swift; sourceTree = "<group>"; };
		D47F7DCD278BFB57002F9DD7 /* PreferencesWindowController.swift */ = {isa = PBXFileReference; lastKnownFileType = sourcecode.swift; path = PreferencesWindowController.swift; sourceTree = "<group>"; };
		D47F7DCF278C0897002F9DD7 /* NonModalAlertWindowController.swift */ = {isa = PBXFileReference; lastKnownFileType = sourcecode.swift; path = NonModalAlertWindowController.swift; sourceTree = "<group>"; };
		D47F7DD1278C1263002F9DD7 /* UserOverrideModel.h */ = {isa = PBXFileReference; fileEncoding = 4; lastKnownFileType = sourcecode.c.h; path = UserOverrideModel.h; sourceTree = "<group>"; };
		D47F7DD2278C1263002F9DD7 /* UserOverrideModel.cpp */ = {isa = PBXFileReference; fileEncoding = 4; lastKnownFileType = sourcecode.cpp.cpp; path = UserOverrideModel.cpp; sourceTree = "<group>"; };
		D47F7DD4278C25A0002F9DD7 /* InputSourceHelper.swift */ = {isa = PBXFileReference; lastKnownFileType = sourcecode.swift; path = InputSourceHelper.swift; sourceTree = "<group>"; };
/* End PBXFileReference section */

/* Begin PBXFrameworksBuildPhase section */
		6A0D4E9F15FC0D2D00ABF4B3 /* Frameworks */ = {
			isa = PBXFrameworksBuildPhase;
			buildActionMask = 2147483647;
			files = (
				6A38BC2815FC158A00A8A51F /* InputMethodKit.framework in Frameworks */,
				D48550A325EBE689006A204C /* OpenCC in Frameworks */,
				D427F76A278C9E29004A2160 /* CandidateUI in Frameworks */,
				6A0D4EA715FC0D2D00ABF4B3 /* Cocoa.framework in Frameworks */,
			);
			runOnlyForDeploymentPostprocessing = 0;
		};
		6ACA41C815FC1D7500935EF6 /* Frameworks */ = {
			isa = PBXFrameworksBuildPhase;
			buildActionMask = 2147483647;
			files = (
				6ACA41CD15FC1D7500935EF6 /* Cocoa.framework in Frameworks */,
			);
			runOnlyForDeploymentPostprocessing = 0;
		};
/* End PBXFrameworksBuildPhase section */

/* Begin PBXGroup section */
		6A0D4E9215FC0CFA00ABF4B3 = {
			isa = PBXGroup;
			children = (
				D427F766278C9CBD004A2160 /* Packages */,
				6A0D4EC215FC0D3C00ABF4B3 /* Source */,
				6A0D4EA515FC0D2D00ABF4B3 /* Frameworks */,
				6A0D4EA315FC0D2D00ABF4B3 /* Products */,
			);
			sourceTree = "<group>";
		};
		6A0D4EA315FC0D2D00ABF4B3 /* Products */ = {
			isa = PBXGroup;
			children = (
				6A0D4EA215FC0D2D00ABF4B3 /* McBopomofo.app */,
				6ACA41CB15FC1D7500935EF6 /* McBopomofoInstaller.app */,
			);
			name = Products;
			sourceTree = "<group>";
		};
		6A0D4EA515FC0D2D00ABF4B3 /* Frameworks */ = {
			isa = PBXGroup;
			children = (
				6A0D4EA915FC0D2D00ABF4B3 /* AppKit.framework */,
				6A0D4EA615FC0D2D00ABF4B3 /* Cocoa.framework */,
				6A0D4EAB15FC0D2D00ABF4B3 /* Foundation.framework */,
				6A38BC2715FC158A00A8A51F /* InputMethodKit.framework */,
			);
			name = Frameworks;
			sourceTree = "<group>";
		};
		6A0D4EC215FC0D3C00ABF4B3 /* Source */ = {
			isa = PBXGroup;
			children = (
				6A38BBDD15FC115800A8A51F /* Data */,
				6A0D4F1215FC0EB100ABF4B3 /* Engine */,
				6ACA41E715FC1D9000935EF6 /* Installer */,
				6A0D4F4715FC0EB900ABF4B3 /* Resources */,
				6A0D4EC615FC0D6400ABF4B3 /* InputMethodController.h */,
				6A0D4EC715FC0D6400ABF4B3 /* InputMethodController.mm */,
				D41355D6278D7409005E5CBD /* LanguageModelManager.h */,
				D41355D7278D7409005E5CBD /* LanguageModelManager.mm */,
				6A0D4EC815FC0D6400ABF4B3 /* main.m */,
				D427F76B278CA1BA004A2160 /* AppDelegate.swift */,
				D47F7DD4278C25A0002F9DD7 /* InputSourceHelper.swift */,
				D47F7DCF278C0897002F9DD7 /* NonModalAlertWindowController.swift */,
				D47F7DCD278BFB57002F9DD7 /* PreferencesWindowController.swift */,
				D427A9C025ED28CC005D43E0 /* OpenCCBridge.swift */,
				6A0D4EF615FC0DA600ABF4B3 /* McBopomofo-Prefix.pch */,
				D427A9BF25ED28CC005D43E0 /* McBopomofo-Bridging-Header.h */,
			);
			path = Source;
			sourceTree = "<group>";
		};
		6A0D4EEE15FC0DA600ABF4B3 /* Images */ = {
			isa = PBXGroup;
			children = (
				6A2E40F5253A69DA00D1AE1D /* Images.xcassets */,
				6A0D4EEF15FC0DA600ABF4B3 /* Bopomofo.tiff */,
				6A0D4EF015FC0DA600ABF4B3 /* Bopomofo@2x.tiff */,
				6AE210B015FC63CC003659FE /* PlainBopomofo.tiff */,
				6AE210B115FC63CC003659FE /* PlainBopomofo@2x.tiff */,
			);
			path = Images;
			sourceTree = "<group>";
		};
		6A0D4F1215FC0EB100ABF4B3 /* Engine */ = {
			isa = PBXGroup;
			children = (
				6A0D4F1315FC0EB100ABF4B3 /* Gramambular */,
				6A0D4F1F15FC0EB100ABF4B3 /* Mandarin */,
				6A0D4F2215FC0EB100ABF4B3 /* OpenVanilla */,
				6A0421A615FEF3F50061ED63 /* FastLM.cpp */,
				6A0421A715FEF3F50061ED63 /* FastLM.h */,
				6ACC3D3E27914F2400F1B140 /* KeyValueBlobReader.cpp */,
				6ACC3D3C27914AAB00F1B140 /* KeyValueBlobReader.h */,
				D41355DC278EA3ED005E5CBD /* UserPhrasesLM.cpp */,
				D41355DD278EA3ED005E5CBD /* UserPhrasesLM.h */,
				D41355D9278E6D17005E5CBD /* McBopomofoLM.cpp */,
				D41355DA278E6D17005E5CBD /* McBopomofoLM.h */,
				D47F7DD2278C1263002F9DD7 /* UserOverrideModel.cpp */,
				D47F7DD1278C1263002F9DD7 /* UserOverrideModel.h */,
			);
			path = Engine;
			sourceTree = "<group>";
		};
		6A0D4F1315FC0EB100ABF4B3 /* Gramambular */ = {
			isa = PBXGroup;
			children = (
				6A0D4F1415FC0EB100ABF4B3 /* Bigram.h */,
				6A0D4F1515FC0EB100ABF4B3 /* BlockReadingBuilder.h */,
				6A0D4F1615FC0EB100ABF4B3 /* Gramambular.h */,
				6A0D4F1715FC0EB100ABF4B3 /* Grid.h */,
				6A0D4F1815FC0EB100ABF4B3 /* KeyValuePair.h */,
				6A0D4F1915FC0EB100ABF4B3 /* LanguageModel.h */,
				6A0D4F1A15FC0EB100ABF4B3 /* Node.h */,
				6A0D4F1B15FC0EB100ABF4B3 /* NodeAnchor.h */,
				6A0D4F1C15FC0EB100ABF4B3 /* Span.h */,
				6A0D4F1D15FC0EB100ABF4B3 /* Unigram.h */,
				6A0D4F1E15FC0EB100ABF4B3 /* Walker.h */,
			);
			path = Gramambular;
			sourceTree = "<group>";
		};
		6A0D4F1F15FC0EB100ABF4B3 /* Mandarin */ = {
			isa = PBXGroup;
			children = (
				6A0D4F2015FC0EB100ABF4B3 /* Mandarin.cpp */,
				6A0D4F2115FC0EB100ABF4B3 /* Mandarin.h */,
			);
			path = Mandarin;
			sourceTree = "<group>";
		};
		6A0D4F2215FC0EB100ABF4B3 /* OpenVanilla */ = {
			isa = PBXGroup;
			children = (
				6A0D4F2315FC0EB100ABF4B3 /* OpenVanilla.h */,
				6A0D4F2415FC0EB100ABF4B3 /* OVAroundFilter.h */,
				6A0D4F2515FC0EB100ABF4B3 /* OVBase.h */,
				6A0D4F2615FC0EB100ABF4B3 /* OVBenchmark.h */,
				6A0D4F2715FC0EB100ABF4B3 /* OVCandidateService.h */,
				6A0D4F2815FC0EB100ABF4B3 /* OVCINDatabaseService.h */,
				6A0D4F2915FC0EB100ABF4B3 /* OVCINDataTable.h */,
				6A0D4F2A15FC0EB100ABF4B3 /* OVCINToSQLiteConvertor.h */,
				6A0D4F2B15FC0EB100ABF4B3 /* OVDatabaseService.h */,
				6A0D4F2C15FC0EB100ABF4B3 /* OVDateTimeHelper.h */,
				6A0D4F2D15FC0EB100ABF4B3 /* OVEncodingService.h */,
				6A0D4F2E15FC0EB100ABF4B3 /* OVEventHandlingContext.h */,
				6A0D4F2F15FC0EB100ABF4B3 /* OVException.h */,
				6A0D4F3015FC0EB100ABF4B3 /* OVFileHelper.h */,
				6A0D4F3115FC0EB100ABF4B3 /* OVFrameworkInfo.h */,
				6A0D4F3215FC0EB100ABF4B3 /* OVInputMethod.h */,
				6A0D4F3315FC0EB100ABF4B3 /* OVKey.h */,
				6A0D4F3415FC0EB100ABF4B3 /* OVKeyPreprocessor.h */,
				6A0D4F3515FC0EB100ABF4B3 /* OVKeyValueMap.h */,
				6A0D4F3615FC0EB100ABF4B3 /* OVLoaderBase.h */,
				6A0D4F3715FC0EB100ABF4B3 /* OVLoaderService.h */,
				6A0D4F3815FC0EB100ABF4B3 /* OVLocalization.h */,
				6A0D4F3915FC0EB100ABF4B3 /* OVModule.h */,
				6A0D4F3A15FC0EB100ABF4B3 /* OVModulePackage.h */,
				6A0D4F3B15FC0EB100ABF4B3 /* OVOutputFilter.h */,
				6A0D4F3C15FC0EB100ABF4B3 /* OVPathInfo.h */,
				6A0D4F3D15FC0EB100ABF4B3 /* OVSQLiteDatabaseService.h */,
				6A0D4F3E15FC0EB100ABF4B3 /* OVSQLiteWrapper.h */,
				6A0D4F3F15FC0EB100ABF4B3 /* OVStringHelper.h */,
				6A0D4F4015FC0EB100ABF4B3 /* OVTextBuffer.h */,
				6A0D4F4115FC0EB100ABF4B3 /* OVUTF8Helper.h */,
				6A0D4F4215FC0EB100ABF4B3 /* OVWildcard.h */,
			);
			path = OpenVanilla;
			sourceTree = "<group>";
		};
		6A0D4F4715FC0EB900ABF4B3 /* Resources */ = {
			isa = PBXGroup;
			children = (
				6AFF97F0253B299E007F1C49 /* NonModalAlertWindowController.xib */,
				6A0D4EEE15FC0DA600ABF4B3 /* Images */,
				6A0D4EF515FC0DA600ABF4B3 /* McBopomofo-Info.plist */,
				6A0D4F4815FC0EE100ABF4B3 /* InfoPlist.strings */,
				6A0D4F4A15FC0EE100ABF4B3 /* Localizable.strings */,
				6A187E2816004C5900466B2E /* MainMenu.xib */,
				6A0D4F4E15FC0EE100ABF4B3 /* preferences.xib */,
			);
			name = Resources;
			sourceTree = "<group>";
		};
		6A38BBDD15FC115800A8A51F /* Data */ = {
			isa = PBXGroup;
			children = (
				6A38BBF615FC117A00A8A51F /* data.txt */,
				6AD7CBC715FE555000691B5B /* data-plain-bpmf.txt */,
			);
			path = Data;
			sourceTree = "<group>";
		};
		6ACA41E715FC1D9000935EF6 /* Installer */ = {
			isa = PBXGroup;
			children = (
				6A225A212367A1D700F685C6 /* ArchiveUtil.h */,
				6A225A222367A1D700F685C6 /* ArchiveUtil.m */,
				6A225A1E23679F2600F685C6 /* NotarizedArchives */,
				6ACA41E815FC1D9000935EF6 /* AppDelegate.h */,
				6ACA41E915FC1D9000935EF6 /* AppDelegate.m */,
				6ACA41EA15FC1D9000935EF6 /* InfoPlist.strings */,
				6ACA41EC15FC1D9000935EF6 /* License.rtf */,
				6ACA41EE15FC1D9000935EF6 /* Localizable.strings */,
				6ACA41F015FC1D9000935EF6 /* MainMenu.xib */,
				6ACA41F215FC1D9000935EF6 /* Installer-Info.plist */,
				6ACA41F315FC1D9000935EF6 /* Installer-Prefix.pch */,
				6ACA41F415FC1D9000935EF6 /* main.m */,
			);
			path = Installer;
			sourceTree = "<group>";
		};
		D427F766278C9CBD004A2160 /* Packages */ = {
			isa = PBXGroup;
			children = (
				D427F768278C9D0D004A2160 /* CandidateUI */,
			);
			name = Packages;
			sourceTree = "<group>";
		};
/* End PBXGroup section */

/* Begin PBXLegacyTarget section */
		6A38BC2115FC12FD00A8A51F /* Data */ = {
			isa = PBXLegacyTarget;
			buildArgumentsString = "$(ACTION)";
			buildConfigurationList = 6A38BC2215FC12FD00A8A51F /* Build configuration list for PBXLegacyTarget "Data" */;
			buildPhases = (
			);
			buildToolPath = /usr/bin/make;
			buildWorkingDirectory = "$(SRCROOT)/Source/Data";
			dependencies = (
			);
			name = Data;
			passBuildSettingsInEnvironment = 1;
			productName = Data;
		};
/* End PBXLegacyTarget section */

/* Begin PBXNativeTarget section */
		6A0D4EA115FC0D2D00ABF4B3 /* McBopomofo */ = {
			isa = PBXNativeTarget;
			buildConfigurationList = 6A0D4EC015FC0D2E00ABF4B3 /* Build configuration list for PBXNativeTarget "McBopomofo" */;
			buildPhases = (
				6A0D4E9E15FC0D2D00ABF4B3 /* Sources */,
				6A0D4E9F15FC0D2D00ABF4B3 /* Frameworks */,
				6A0D4EA015FC0D2D00ABF4B3 /* Resources */,
			);
			buildRules = (
			);
			dependencies = (
				6A38BC2615FC131100A8A51F /* PBXTargetDependency */,
			);
			name = McBopomofo;
			packageProductDependencies = (
				D48550A225EBE689006A204C /* OpenCC */,
				D427F769278C9E29004A2160 /* CandidateUI */,
			);
			productName = McBopomofo;
			productReference = 6A0D4EA215FC0D2D00ABF4B3 /* McBopomofo.app */;
			productType = "com.apple.product-type.application";
		};
		6ACA41CA15FC1D7500935EF6 /* McBopomofoInstaller */ = {
			isa = PBXNativeTarget;
			buildConfigurationList = 6ACA41E415FC1D7600935EF6 /* Build configuration list for PBXNativeTarget "McBopomofoInstaller" */;
			buildPhases = (
				6ACA41C715FC1D7500935EF6 /* Sources */,
				6ACA41C815FC1D7500935EF6 /* Frameworks */,
				6ACA41C915FC1D7500935EF6 /* Resources */,
				6A225A2023679F5F00F685C6 /* ShellScript */,
			);
			buildRules = (
			);
			dependencies = (
				6ACA420115FC1DCC00935EF6 /* PBXTargetDependency */,
			);
			name = McBopomofoInstaller;
			productName = McBopomofoInstaller;
			productReference = 6ACA41CB15FC1D7500935EF6 /* McBopomofoInstaller.app */;
			productType = "com.apple.product-type.application";
		};
/* End PBXNativeTarget section */

/* Begin PBXProject section */
		6A0D4E9415FC0CFA00ABF4B3 /* Project object */ = {
			isa = PBXProject;
			attributes = {
				LastUpgradeCheck = 1310;
				TargetAttributes = {
					6A0D4EA115FC0D2D00ABF4B3 = {
						LastSwiftMigration = 1240;
					};
				};
			};
			buildConfigurationList = 6A0D4E9715FC0CFA00ABF4B3 /* Build configuration list for PBXProject "McBopomofo" */;
			compatibilityVersion = "Xcode 3.2";
			developmentRegion = en;
			hasScannedForEncodings = 0;
			knownRegions = (
				en,
				"zh-Hant",
				Base,
			);
			mainGroup = 6A0D4E9215FC0CFA00ABF4B3;
			packageReferences = (
				D48550A125EBE689006A204C /* XCRemoteSwiftPackageReference "SwiftyOpenCC" */,
			);
			productRefGroup = 6A0D4EA315FC0D2D00ABF4B3 /* Products */;
			projectDirPath = "";
			projectRoot = "";
			targets = (
				6A0D4EA115FC0D2D00ABF4B3 /* McBopomofo */,
				6ACA41CA15FC1D7500935EF6 /* McBopomofoInstaller */,
				6A38BC2115FC12FD00A8A51F /* Data */,
			);
		};
/* End PBXProject section */

/* Begin PBXResourcesBuildPhase section */
		6A0D4EA015FC0D2D00ABF4B3 /* Resources */ = {
			isa = PBXResourcesBuildPhase;
			buildActionMask = 2147483647;
			files = (
				6A0D4F0815FC0DA600ABF4B3 /* Bopomofo.tiff in Resources */,
				6A0D4F0915FC0DA600ABF4B3 /* Bopomofo@2x.tiff in Resources */,
				6A0D4F5315FC0EE100ABF4B3 /* preferences.xib in Resources */,
				6A0D4F5715FC0EF900ABF4B3 /* InfoPlist.strings in Resources */,
				6A0D4F5815FC0EF900ABF4B3 /* Localizable.strings in Resources */,
				6A2E40F6253A69DA00D1AE1D /* Images.xcassets in Resources */,
				6A38BC1515FC117A00A8A51F /* data.txt in Resources */,
				6AFF97F2253B299E007F1C49 /* NonModalAlertWindowController.xib in Resources */,
				6AE210B215FC63CC003659FE /* PlainBopomofo.tiff in Resources */,
				6AE210B315FC63CC003659FE /* PlainBopomofo@2x.tiff in Resources */,
				6AD7CBC815FE555000691B5B /* data-plain-bpmf.txt in Resources */,
				6A187E2616004C5900466B2E /* MainMenu.xib in Resources */,
			);
			runOnlyForDeploymentPostprocessing = 0;
		};
		6ACA41C915FC1D7500935EF6 /* Resources */ = {
			isa = PBXResourcesBuildPhase;
			buildActionMask = 2147483647;
			files = (
				6ACA420215FC1E5200935EF6 /* McBopomofo.app in Resources */,
				6A2E40F9253A6AA000D1AE1D /* Images.xcassets in Resources */,
				6ACA41FA15FC1D9000935EF6 /* InfoPlist.strings in Resources */,
				6A225A1F23679F2600F685C6 /* NotarizedArchives in Resources */,
				6ACA41FB15FC1D9000935EF6 /* License.rtf in Resources */,
				6ACA41FC15FC1D9000935EF6 /* Localizable.strings in Resources */,
				6ACA41FD15FC1D9000935EF6 /* MainMenu.xib in Resources */,
			);
			runOnlyForDeploymentPostprocessing = 0;
		};
/* End PBXResourcesBuildPhase section */

/* Begin PBXShellScriptBuildPhase section */
		6A225A2023679F5F00F685C6 /* ShellScript */ = {
			isa = PBXShellScriptBuildPhase;
			buildActionMask = 2147483647;
			files = (
			);
			inputFileListPaths = (
			);
			inputPaths = (
			);
			outputFileListPaths = (
			);
			outputPaths = (
			);
			runOnlyForDeploymentPostprocessing = 0;
			shellPath = /bin/sh;
			shellScript = "# Remove the README.md in the NotarizedArchives directory\nrm -f \"${TARGET_BUILD_DIR}/${UNLOCALIZED_RESOURCES_FOLDER_PATH}/NotarizedArchives/README.md\"\n";
		};
/* End PBXShellScriptBuildPhase section */

/* Begin PBXSourcesBuildPhase section */
		6A0D4E9E15FC0D2D00ABF4B3 /* Sources */ = {
			isa = PBXSourcesBuildPhase;
			buildActionMask = 2147483647;
			files = (
				D427F76C278CA2B0004A2160 /* AppDelegate.swift in Sources */,
				6A0D4ED315FC0D6400ABF4B3 /* main.m in Sources */,
				D47F7DD5278C25A0002F9DD7 /* InputSourceHelper.swift in Sources */,
				D47F7DD0278C0897002F9DD7 /* NonModalAlertWindowController.swift in Sources */,
				D427A9C125ED28CC005D43E0 /* OpenCCBridge.swift in Sources */,
				D47F7DCE278BFB57002F9DD7 /* PreferencesWindowController.swift in Sources */,
				6A0D4ED215FC0D6400ABF4B3 /* InputMethodController.mm in Sources */,
				D41355DB278E6D17005E5CBD /* McBopomofoLM.cpp in Sources */,
				D47F7DD3278C1263002F9DD7 /* UserOverrideModel.cpp in Sources */,
				6A0D4F4515FC0EB100ABF4B3 /* Mandarin.cpp in Sources */,
				D41355DE278EA3ED005E5CBD /* UserPhrasesLM.cpp in Sources */,
				6ACC3D3F27914F2400F1B140 /* KeyValueBlobReader.cpp in Sources */,
				6A0421A815FEF3F50061ED63 /* FastLM.cpp in Sources */,
				D41355D8278D74B5005E5CBD /* LanguageModelManager.mm in Sources */,
			);
			runOnlyForDeploymentPostprocessing = 0;
		};
		6ACA41C715FC1D7500935EF6 /* Sources */ = {
			isa = PBXSourcesBuildPhase;
			buildActionMask = 2147483647;
			files = (
				6ACA41F915FC1D9000935EF6 /* AppDelegate.m in Sources */,
				6A225A232367A1D700F685C6 /* ArchiveUtil.m in Sources */,
				6ACA41FF15FC1D9000935EF6 /* main.m in Sources */,
				D47F7DD6278C3075002F9DD7 /* InputSourceHelper.swift in Sources */,
			);
			runOnlyForDeploymentPostprocessing = 0;
		};
/* End PBXSourcesBuildPhase section */

/* Begin PBXTargetDependency section */
		6A38BC2615FC131100A8A51F /* PBXTargetDependency */ = {
			isa = PBXTargetDependency;
			target = 6A38BC2115FC12FD00A8A51F /* Data */;
			targetProxy = 6A38BC2515FC131100A8A51F /* PBXContainerItemProxy */;
		};
		6ACA420115FC1DCC00935EF6 /* PBXTargetDependency */ = {
			isa = PBXTargetDependency;
			target = 6A0D4EA115FC0D2D00ABF4B3 /* McBopomofo */;
			targetProxy = 6ACA420015FC1DCC00935EF6 /* PBXContainerItemProxy */;
		};
/* End PBXTargetDependency section */

/* Begin PBXVariantGroup section */
		6A0D4F4815FC0EE100ABF4B3 /* InfoPlist.strings */ = {
			isa = PBXVariantGroup;
			children = (
				6A0D4F4915FC0EE100ABF4B3 /* en */,
				6A0D4F5415FC0EF900ABF4B3 /* zh-Hant */,
			);
			name = InfoPlist.strings;
			path = ..;
			sourceTree = "<group>";
		};
		6A0D4F4A15FC0EE100ABF4B3 /* Localizable.strings */ = {
			isa = PBXVariantGroup;
			children = (
				6A0D4F4B15FC0EE100ABF4B3 /* en */,
				6A0D4F5515FC0EF900ABF4B3 /* zh-Hant */,
			);
			name = Localizable.strings;
			path = ..;
			sourceTree = "<group>";
		};
		6A0D4F4E15FC0EE100ABF4B3 /* preferences.xib */ = {
			isa = PBXVariantGroup;
			children = (
				6A0D4F5615FC0EF900ABF4B3 /* zh-Hant */,
				6A15B32721A51F2300B92CD3 /* Base */,
			);
			name = preferences.xib;
			path = ..;
			sourceTree = "<group>";
		};
		6A187E2816004C5900466B2E /* MainMenu.xib */ = {
			isa = PBXVariantGroup;
			children = (
				6A187E2916004C7300466B2E /* zh-Hant */,
				6A15B32521A51F2300B92CD3 /* Base */,
			);
			name = MainMenu.xib;
			sourceTree = "<group>";
		};
		6ACA41EA15FC1D9000935EF6 /* InfoPlist.strings */ = {
			isa = PBXVariantGroup;
			children = (
				6ACA41EB15FC1D9000935EF6 /* en */,
				6ACA41F515FC1D9000935EF6 /* zh-Hant */,
			);
			name = InfoPlist.strings;
			path = Source/Installer;
			sourceTree = SOURCE_ROOT;
		};
		6ACA41EC15FC1D9000935EF6 /* License.rtf */ = {
			isa = PBXVariantGroup;
			children = (
				6ACA41ED15FC1D9000935EF6 /* en */,
				6ACA41F615FC1D9000935EF6 /* zh-Hant */,
			);
			name = License.rtf;
			path = Source/Installer;
			sourceTree = SOURCE_ROOT;
		};
		6ACA41EE15FC1D9000935EF6 /* Localizable.strings */ = {
			isa = PBXVariantGroup;
			children = (
				6ACA41EF15FC1D9000935EF6 /* en */,
				6ACA41F715FC1D9000935EF6 /* zh-Hant */,
			);
			name = Localizable.strings;
			path = Source/Installer;
			sourceTree = SOURCE_ROOT;
		};
		6ACA41F015FC1D9000935EF6 /* MainMenu.xib */ = {
			isa = PBXVariantGroup;
			children = (
				6ACA41F815FC1D9000935EF6 /* zh-Hant */,
				6A15B32421A51F2300B92CD3 /* Base */,
			);
			name = MainMenu.xib;
			path = Source/Installer;
			sourceTree = SOURCE_ROOT;
		};
/* End PBXVariantGroup section */

/* Begin XCBuildConfiguration section */
		6A0D4E9915FC0CFA00ABF4B3 /* Debug */ = {
			isa = XCBuildConfiguration;
			buildSettings = {
				CLANG_ANALYZER_LOCALIZABILITY_NONLOCALIZED = YES;
				CLANG_ENABLE_MODULES = YES;
				CLANG_WARN_BLOCK_CAPTURE_AUTORELEASING = YES;
				CLANG_WARN_BOOL_CONVERSION = YES;
				CLANG_WARN_COMMA = YES;
				CLANG_WARN_CONSTANT_CONVERSION = YES;
				CLANG_WARN_DEPRECATED_OBJC_IMPLEMENTATIONS = YES;
				CLANG_WARN_EMPTY_BODY = YES;
				CLANG_WARN_ENUM_CONVERSION = YES;
				CLANG_WARN_INFINITE_RECURSION = YES;
				CLANG_WARN_INT_CONVERSION = YES;
				CLANG_WARN_NON_LITERAL_NULL_CONVERSION = YES;
				CLANG_WARN_OBJC_IMPLICIT_RETAIN_SELF = YES;
				CLANG_WARN_OBJC_LITERAL_CONVERSION = YES;
				CLANG_WARN_QUOTED_INCLUDE_IN_FRAMEWORK_HEADER = YES;
				CLANG_WARN_RANGE_LOOP_ANALYSIS = YES;
				CLANG_WARN_STRICT_PROTOTYPES = YES;
				CLANG_WARN_SUSPICIOUS_MOVE = YES;
				CLANG_WARN_UNREACHABLE_CODE = YES;
				CLANG_WARN__DUPLICATE_METHOD_MATCH = YES;
				ENABLE_STRICT_OBJC_MSGSEND = YES;
				ENABLE_TESTABILITY = YES;
				GCC_NO_COMMON_BLOCKS = YES;
				GCC_WARN_64_TO_32_BIT_CONVERSION = YES;
				GCC_WARN_ABOUT_RETURN_TYPE = YES;
				GCC_WARN_UNDECLARED_SELECTOR = YES;
				GCC_WARN_UNINITIALIZED_AUTOS = YES;
				GCC_WARN_UNUSED_FUNCTION = YES;
				GCC_WARN_UNUSED_VARIABLE = YES;
				ONLY_ACTIVE_ARCH = YES;
				OTHER_CPLUSPLUSFLAGS = (
					"$(OTHER_CFLAGS)",
					"-fcxx-modules",
				);
			};
			name = Debug;
		};
		6A0D4E9A15FC0CFA00ABF4B3 /* Release */ = {
			isa = XCBuildConfiguration;
			buildSettings = {
				CLANG_ANALYZER_LOCALIZABILITY_NONLOCALIZED = YES;
				CLANG_ENABLE_MODULES = YES;
				CLANG_WARN_BLOCK_CAPTURE_AUTORELEASING = YES;
				CLANG_WARN_BOOL_CONVERSION = YES;
				CLANG_WARN_COMMA = YES;
				CLANG_WARN_CONSTANT_CONVERSION = YES;
				CLANG_WARN_DEPRECATED_OBJC_IMPLEMENTATIONS = YES;
				CLANG_WARN_EMPTY_BODY = YES;
				CLANG_WARN_ENUM_CONVERSION = YES;
				CLANG_WARN_INFINITE_RECURSION = YES;
				CLANG_WARN_INT_CONVERSION = YES;
				CLANG_WARN_NON_LITERAL_NULL_CONVERSION = YES;
				CLANG_WARN_OBJC_IMPLICIT_RETAIN_SELF = YES;
				CLANG_WARN_OBJC_LITERAL_CONVERSION = YES;
				CLANG_WARN_QUOTED_INCLUDE_IN_FRAMEWORK_HEADER = YES;
				CLANG_WARN_RANGE_LOOP_ANALYSIS = YES;
				CLANG_WARN_STRICT_PROTOTYPES = YES;
				CLANG_WARN_SUSPICIOUS_MOVE = YES;
				CLANG_WARN_UNREACHABLE_CODE = YES;
				CLANG_WARN__DUPLICATE_METHOD_MATCH = YES;
				ENABLE_STRICT_OBJC_MSGSEND = YES;
				GCC_NO_COMMON_BLOCKS = YES;
				GCC_WARN_64_TO_32_BIT_CONVERSION = YES;
				GCC_WARN_ABOUT_RETURN_TYPE = YES;
				GCC_WARN_UNDECLARED_SELECTOR = YES;
				GCC_WARN_UNINITIALIZED_AUTOS = YES;
				GCC_WARN_UNUSED_FUNCTION = YES;
				GCC_WARN_UNUSED_VARIABLE = YES;
				OTHER_CPLUSPLUSFLAGS = (
					"$(OTHER_CFLAGS)",
					"-fcxx-modules",
				);
				SWIFT_COMPILATION_MODE = wholemodule;
			};
			name = Release;
		};
		6A0D4EBE15FC0D2E00ABF4B3 /* Debug */ = {
			isa = XCBuildConfiguration;
			buildSettings = {
				ALWAYS_SEARCH_USER_PATHS = NO;
				ASSETCATALOG_COMPILER_APPICON_NAME = AppIcon;
				CLANG_CXX_LANGUAGE_STANDARD = "c++17";
				CLANG_ENABLE_MODULES = YES;
				CLANG_ENABLE_OBJC_ARC = YES;
				CLANG_ENABLE_OBJC_WEAK = YES;
				CLANG_WARN_DEPRECATED_OBJC_IMPLEMENTATIONS = YES;
				CLANG_WARN_IMPLICIT_SIGN_CONVERSION = NO;
				CLANG_WARN_OBJC_IMPLICIT_ATOMIC_PROPERTIES = YES;
				CLANG_WARN_OBJC_MISSING_PROPERTY_SYNTHESIS = YES;
				CLANG_WARN__DUPLICATE_METHOD_MATCH = YES;
				CODE_SIGN_IDENTITY = "-";
				COMBINE_HIDPI_IMAGES = YES;
				COPY_PHASE_STRIP = NO;
				GCC_C_LANGUAGE_STANDARD = gnu99;
				GCC_DYNAMIC_NO_PIC = NO;
				GCC_ENABLE_OBJC_EXCEPTIONS = YES;
				GCC_OPTIMIZATION_LEVEL = 0;
				GCC_PRECOMPILE_PREFIX_HEADER = YES;
				GCC_PREFIX_HEADER = "Source/McBopomofo-Prefix.pch";
				GCC_PREPROCESSOR_DEFINITIONS = (
					"DEBUG=1",
					"$(inherited)",
				);
				GCC_SYMBOLS_PRIVATE_EXTERN = NO;
				GCC_TREAT_WARNINGS_AS_ERRORS = YES;
				GCC_WARN_64_TO_32_BIT_CONVERSION = YES;
				GCC_WARN_ABOUT_MISSING_FIELD_INITIALIZERS = YES;
				GCC_WARN_ABOUT_MISSING_NEWLINE = YES;
				GCC_WARN_ABOUT_MISSING_PROTOTYPES = YES;
				GCC_WARN_ABOUT_RETURN_TYPE = YES;
				GCC_WARN_INITIALIZER_NOT_FULLY_BRACKETED = YES;
				GCC_WARN_PEDANTIC = YES;
				GCC_WARN_SHADOW = YES;
				GCC_WARN_UNDECLARED_SELECTOR = YES;
				GCC_WARN_UNINITIALIZED_AUTOS = YES;
				GCC_WARN_UNKNOWN_PRAGMAS = YES;
				GCC_WARN_UNUSED_FUNCTION = YES;
				GCC_WARN_UNUSED_LABEL = YES;
				GCC_WARN_UNUSED_VARIABLE = YES;
				INFOPLIST_FILE = "Source/McBopomofo-Info.plist";
				LD_RUNPATH_SEARCH_PATHS = (
					"$(inherited)",
					"@executable_path/../Frameworks",
				);
				MACOSX_DEPLOYMENT_TARGET = 10.10;
				ONLY_ACTIVE_ARCH = YES;
				PRODUCT_BUNDLE_IDENTIFIER = org.openvanilla.inputmethod.McBopomofo;
				PRODUCT_NAME = "$(TARGET_NAME)";
				SDKROOT = macosx;
				SWIFT_OBJC_BRIDGING_HEADER = "Source/McBopomofo-Bridging-Header.h";
				SWIFT_OPTIMIZATION_LEVEL = "-Onone";
				SWIFT_VERSION = 5.0;
				WRAPPER_EXTENSION = app;
			};
			name = Debug;
		};
		6A0D4EBF15FC0D2E00ABF4B3 /* Release */ = {
			isa = XCBuildConfiguration;
			buildSettings = {
				ALWAYS_SEARCH_USER_PATHS = NO;
				ASSETCATALOG_COMPILER_APPICON_NAME = AppIcon;
				CLANG_CXX_LANGUAGE_STANDARD = "c++17";
				CLANG_ENABLE_MODULES = YES;
				CLANG_ENABLE_OBJC_ARC = YES;
				CLANG_ENABLE_OBJC_WEAK = YES;
				CLANG_WARN_DEPRECATED_OBJC_IMPLEMENTATIONS = YES;
				CLANG_WARN_IMPLICIT_SIGN_CONVERSION = NO;
				CLANG_WARN_OBJC_IMPLICIT_ATOMIC_PROPERTIES = YES;
				CLANG_WARN_OBJC_MISSING_PROPERTY_SYNTHESIS = YES;
				CLANG_WARN__DUPLICATE_METHOD_MATCH = YES;
				CODE_SIGN_IDENTITY = "-";
				COMBINE_HIDPI_IMAGES = YES;
				COPY_PHASE_STRIP = YES;
				DEBUG_INFORMATION_FORMAT = "dwarf-with-dsym";
				GCC_C_LANGUAGE_STANDARD = gnu99;
				GCC_ENABLE_OBJC_EXCEPTIONS = YES;
				GCC_PRECOMPILE_PREFIX_HEADER = YES;
				GCC_PREFIX_HEADER = "Source/McBopomofo-Prefix.pch";
				GCC_TREAT_WARNINGS_AS_ERRORS = YES;
				GCC_WARN_64_TO_32_BIT_CONVERSION = YES;
				GCC_WARN_ABOUT_MISSING_FIELD_INITIALIZERS = YES;
				GCC_WARN_ABOUT_MISSING_NEWLINE = YES;
				GCC_WARN_ABOUT_MISSING_PROTOTYPES = YES;
				GCC_WARN_ABOUT_RETURN_TYPE = YES;
				GCC_WARN_INITIALIZER_NOT_FULLY_BRACKETED = YES;
				GCC_WARN_PEDANTIC = YES;
				GCC_WARN_SHADOW = YES;
				GCC_WARN_UNDECLARED_SELECTOR = YES;
				GCC_WARN_UNINITIALIZED_AUTOS = YES;
				GCC_WARN_UNKNOWN_PRAGMAS = YES;
				GCC_WARN_UNUSED_FUNCTION = YES;
				GCC_WARN_UNUSED_LABEL = YES;
				GCC_WARN_UNUSED_VARIABLE = YES;
				INFOPLIST_FILE = "Source/McBopomofo-Info.plist";
				LD_RUNPATH_SEARCH_PATHS = (
					"$(inherited)",
					"@executable_path/../Frameworks",
				);
				MACOSX_DEPLOYMENT_TARGET = 10.10;
				PRODUCT_BUNDLE_IDENTIFIER = org.openvanilla.inputmethod.McBopomofo;
				PRODUCT_NAME = "$(TARGET_NAME)";
				SDKROOT = macosx;
				SWIFT_OBJC_BRIDGING_HEADER = "Source/McBopomofo-Bridging-Header.h";
				SWIFT_VERSION = 5.0;
				WRAPPER_EXTENSION = app;
			};
			name = Release;
		};
		6A38BC2315FC12FD00A8A51F /* Debug */ = {
			isa = XCBuildConfiguration;
			buildSettings = {
				ALWAYS_SEARCH_USER_PATHS = NO;
				CLANG_CXX_LANGUAGE_STANDARD = "gnu++0x";
				CLANG_ENABLE_OBJC_WEAK = YES;
				CLANG_WARN__DUPLICATE_METHOD_MATCH = YES;
				COMBINE_HIDPI_IMAGES = YES;
				COPY_PHASE_STRIP = NO;
				DEBUGGING_SYMBOLS = YES;
				GCC_C_LANGUAGE_STANDARD = gnu99;
				GCC_DYNAMIC_NO_PIC = NO;
				GCC_ENABLE_OBJC_EXCEPTIONS = YES;
				GCC_GENERATE_DEBUGGING_SYMBOLS = YES;
				GCC_OPTIMIZATION_LEVEL = 0;
				GCC_PREPROCESSOR_DEFINITIONS = (
					"DEBUG=1",
					"$(inherited)",
				);
				GCC_SYMBOLS_PRIVATE_EXTERN = NO;
				GCC_WARN_64_TO_32_BIT_CONVERSION = YES;
				GCC_WARN_ABOUT_RETURN_TYPE = YES;
				GCC_WARN_UNINITIALIZED_AUTOS = YES;
				GCC_WARN_UNUSED_VARIABLE = YES;
				MACOSX_DEPLOYMENT_TARGET = 10.10;
				ONLY_ACTIVE_ARCH = YES;
				OTHER_CFLAGS = "";
				OTHER_LDFLAGS = "";
				PRODUCT_NAME = "$(TARGET_NAME)";
				SDKROOT = macosx;
			};
			name = Debug;
		};
		6A38BC2415FC12FD00A8A51F /* Release */ = {
			isa = XCBuildConfiguration;
			buildSettings = {
				ALWAYS_SEARCH_USER_PATHS = NO;
				CLANG_CXX_LANGUAGE_STANDARD = "gnu++0x";
				CLANG_ENABLE_OBJC_WEAK = YES;
				CLANG_WARN__DUPLICATE_METHOD_MATCH = YES;
				COMBINE_HIDPI_IMAGES = YES;
				COPY_PHASE_STRIP = YES;
				DEBUG_INFORMATION_FORMAT = "dwarf-with-dsym";
				GCC_C_LANGUAGE_STANDARD = gnu99;
				GCC_ENABLE_OBJC_EXCEPTIONS = YES;
				GCC_WARN_64_TO_32_BIT_CONVERSION = YES;
				GCC_WARN_ABOUT_RETURN_TYPE = YES;
				GCC_WARN_UNINITIALIZED_AUTOS = YES;
				GCC_WARN_UNUSED_VARIABLE = YES;
				MACOSX_DEPLOYMENT_TARGET = 10.10;
				OTHER_CFLAGS = "";
				OTHER_LDFLAGS = "";
				PRODUCT_NAME = "$(TARGET_NAME)";
				SDKROOT = macosx;
			};
			name = Release;
		};
		6ACA41E515FC1D7600935EF6 /* Debug */ = {
			isa = XCBuildConfiguration;
			buildSettings = {
				ALWAYS_SEARCH_USER_PATHS = NO;
				ASSETCATALOG_COMPILER_APPICON_NAME = AppIcon;
				CLANG_CXX_LANGUAGE_STANDARD = "c++17";
				CLANG_ENABLE_OBJC_ARC = YES;
				CLANG_ENABLE_OBJC_WEAK = YES;
				CLANG_WARN__DUPLICATE_METHOD_MATCH = YES;
				CODE_SIGN_IDENTITY = "-";
				COMBINE_HIDPI_IMAGES = YES;
				COPY_PHASE_STRIP = NO;
				GCC_C_LANGUAGE_STANDARD = gnu99;
				GCC_DYNAMIC_NO_PIC = NO;
				GCC_ENABLE_OBJC_EXCEPTIONS = YES;
				GCC_OPTIMIZATION_LEVEL = 0;
				GCC_PRECOMPILE_PREFIX_HEADER = YES;
				GCC_PREFIX_HEADER = "Source/Installer/Installer-Prefix.pch";
				GCC_PREPROCESSOR_DEFINITIONS = (
					"DEBUG=1",
					"$(inherited)",
				);
				GCC_SYMBOLS_PRIVATE_EXTERN = NO;
				GCC_TREAT_WARNINGS_AS_ERRORS = YES;
				GCC_WARN_64_TO_32_BIT_CONVERSION = YES;
				GCC_WARN_ABOUT_RETURN_TYPE = YES;
				GCC_WARN_UNINITIALIZED_AUTOS = YES;
				GCC_WARN_UNUSED_VARIABLE = YES;
				HEADER_SEARCH_PATHS = ../;
				INFOPLIST_FILE = "Source/Installer/Installer-Info.plist";
				MACOSX_DEPLOYMENT_TARGET = 10.10;
				ONLY_ACTIVE_ARCH = YES;
				PRODUCT_BUNDLE_IDENTIFIER = "org.openvanilla.McBopomofo.${PRODUCT_NAME:rfc1034identifier}";
				PRODUCT_NAME = "$(TARGET_NAME)";
				SDKROOT = macosx;
				SWIFT_VERSION = 5.0;
				WRAPPER_EXTENSION = app;
			};
			name = Debug;
		};
		6ACA41E615FC1D7600935EF6 /* Release */ = {
			isa = XCBuildConfiguration;
			buildSettings = {
				ALWAYS_SEARCH_USER_PATHS = NO;
				ASSETCATALOG_COMPILER_APPICON_NAME = AppIcon;
				CLANG_CXX_LANGUAGE_STANDARD = "c++17";
				CLANG_ENABLE_OBJC_ARC = YES;
				CLANG_ENABLE_OBJC_WEAK = YES;
				CLANG_WARN__DUPLICATE_METHOD_MATCH = YES;
				CODE_SIGN_IDENTITY = "-";
				COMBINE_HIDPI_IMAGES = YES;
				COPY_PHASE_STRIP = NO;
				DEBUG_INFORMATION_FORMAT = "dwarf-with-dsym";
				GCC_C_LANGUAGE_STANDARD = gnu99;
				GCC_ENABLE_OBJC_EXCEPTIONS = YES;
				GCC_PRECOMPILE_PREFIX_HEADER = YES;
				GCC_PREFIX_HEADER = "Source/Installer/Installer-Prefix.pch";
				GCC_TREAT_WARNINGS_AS_ERRORS = YES;
				GCC_WARN_64_TO_32_BIT_CONVERSION = YES;
				GCC_WARN_ABOUT_RETURN_TYPE = YES;
				GCC_WARN_UNINITIALIZED_AUTOS = YES;
				GCC_WARN_UNUSED_VARIABLE = YES;
				HEADER_SEARCH_PATHS = ../;
				INFOPLIST_FILE = "Source/Installer/Installer-Info.plist";
				MACOSX_DEPLOYMENT_TARGET = 10.10;
				PRODUCT_BUNDLE_IDENTIFIER = "org.openvanilla.McBopomofo.${PRODUCT_NAME:rfc1034identifier}";
				PRODUCT_NAME = "$(TARGET_NAME)";
				SDKROOT = macosx;
				SWIFT_VERSION = 5.0;
				WRAPPER_EXTENSION = app;
			};
			name = Release;
		};
/* End XCBuildConfiguration section */

/* Begin XCConfigurationList section */
		6A0D4E9715FC0CFA00ABF4B3 /* Build configuration list for PBXProject "McBopomofo" */ = {
			isa = XCConfigurationList;
			buildConfigurations = (
				6A0D4E9915FC0CFA00ABF4B3 /* Debug */,
				6A0D4E9A15FC0CFA00ABF4B3 /* Release */,
			);
			defaultConfigurationIsVisible = 0;
			defaultConfigurationName = Release;
		};
		6A0D4EC015FC0D2E00ABF4B3 /* Build configuration list for PBXNativeTarget "McBopomofo" */ = {
			isa = XCConfigurationList;
			buildConfigurations = (
				6A0D4EBE15FC0D2E00ABF4B3 /* Debug */,
				6A0D4EBF15FC0D2E00ABF4B3 /* Release */,
			);
			defaultConfigurationIsVisible = 0;
			defaultConfigurationName = Release;
		};
		6A38BC2215FC12FD00A8A51F /* Build configuration list for PBXLegacyTarget "Data" */ = {
			isa = XCConfigurationList;
			buildConfigurations = (
				6A38BC2315FC12FD00A8A51F /* Debug */,
				6A38BC2415FC12FD00A8A51F /* Release */,
			);
			defaultConfigurationIsVisible = 0;
			defaultConfigurationName = Release;
		};
		6ACA41E415FC1D7600935EF6 /* Build configuration list for PBXNativeTarget "McBopomofoInstaller" */ = {
			isa = XCConfigurationList;
			buildConfigurations = (
				6ACA41E515FC1D7600935EF6 /* Debug */,
				6ACA41E615FC1D7600935EF6 /* Release */,
			);
			defaultConfigurationIsVisible = 0;
			defaultConfigurationName = Release;
		};
/* End XCConfigurationList section */

/* Begin XCRemoteSwiftPackageReference section */
		D48550A125EBE689006A204C /* XCRemoteSwiftPackageReference "SwiftyOpenCC" */ = {
			isa = XCRemoteSwiftPackageReference;
			repositoryURL = "https://github.com/ddddxxx/SwiftyOpenCC.git";
			requirement = {
				kind = revision;
				revision = 1d8105a0f7199c90af722bff62728050c858e777;
			};
		};
/* End XCRemoteSwiftPackageReference section */

/* Begin XCSwiftPackageProductDependency section */
		D427F769278C9E29004A2160 /* CandidateUI */ = {
			isa = XCSwiftPackageProductDependency;
			productName = CandidateUI;
		};
		D48550A225EBE689006A204C /* OpenCC */ = {
			isa = XCSwiftPackageProductDependency;
			package = D48550A125EBE689006A204C /* XCRemoteSwiftPackageReference "SwiftyOpenCC" */;
			productName = OpenCC;
		};
/* End XCSwiftPackageProductDependency section */
	};
	rootObject = 6A0D4E9415FC0CFA00ABF4B3 /* Project object */;
}
